<?xml version="1.0" encoding="utf-8"?>
<Project ToolsVersion="4.0" xmlns="http://schemas.microsoft.com/developer/msbuild/2003">
  <ItemGroup>
    <Filter Include="Source Files">
      <UniqueIdentifier>{4FC737F1-C7A5-4376-A066-2A32D752A2FF}</UniqueIdentifier>
      <Extensions>cpp;c;cc;cxx;def;odl;idl;hpj;bat;asm;asmx</Extensions>
    </Filter>
    <Filter Include="Header Files">
      <UniqueIdentifier>{93995380-89BD-4b04-88EB-625FBE52EBFB}</UniqueIdentifier>
      <Extensions>h;hpp;hxx;hm;inl;inc;xsd</Extensions>
    </Filter>
    <Filter Include="Resource Files">
      <UniqueIdentifier>{67DA6AB6-F800-4c08-8B7A-83BB121AAD01}</UniqueIdentifier>
      <Extensions>rc;ico;cur;bmp;dlg;rc2;rct;bin;rgs;gif;jpg;jpeg;jpe;resx;tiff;tif;png;wav;mfcribbon-ms</Extensions>
    </Filter>
    <Filter Include="Source Files\utils">
      <UniqueIdentifier>{52d6d784-931d-49a9-b5fa-465d78bdc1a5}</UniqueIdentifier>
    </Filter>
    <Filter Include="Source Files\geo">
      <UniqueIdentifier>{60fe33d1-1791-4794-89f9-852f516a981f}</UniqueIdentifier>
    </Filter>
    <Filter Include="Resource Files\shaders">
      <UniqueIdentifier>{b08bc618-aa74-4407-b892-edbd4042eb90}</UniqueIdentifier>
    </Filter>
    <Filter Include="Header Files\utils">
      <UniqueIdentifier>{2059a7e1-2c8e-4b0e-b7c4-83d6e971753c}</UniqueIdentifier>
    </Filter>
    <Filter Include="Header Files\geo">
      <UniqueIdentifier>{4ba3dee6-0fa3-43ca-886d-f785d17c6859}</UniqueIdentifier>
    </Filter>
    <Filter Include="Source Files\TestGame">
      <UniqueIdentifier>{40908594-3aea-4682-ae22-ddaca988a7ad}</UniqueIdentifier>
    </Filter>
    <Filter Include="Header Files\TestGame">
      <UniqueIdentifier>{33658aa7-c89d-477b-80fe-5d5e950eed80}</UniqueIdentifier>
    </Filter>
    <Filter Include="Header Files\input">
      <UniqueIdentifier>{160824dc-2881-44c5-a369-19a38521d0c3}</UniqueIdentifier>
    </Filter>
    <Filter Include="Source Files\input">
      <UniqueIdentifier>{92af4ccb-67a0-48ae-a3e0-b9785d71c2f2}</UniqueIdentifier>
    </Filter>
    <Filter Include="Resource Files\textures">
      <UniqueIdentifier>{4830f7c0-e46d-4630-bae8-71e8b98e44da}</UniqueIdentifier>
    </Filter>
  </ItemGroup>
  <ItemGroup>
    <ClCompile Include="..\src\Cube.cpp">
      <Filter>Source Files\geo</Filter>
    </ClCompile>
    <ClCompile Include="..\src\FileUtils.cpp">
      <Filter>Source Files\utils</Filter>
    </ClCompile>
    <ClCompile Include="..\src\GLUtils.cpp">
      <Filter>Source Files\utils</Filter>
    </ClCompile>
    <ClCompile Include="..\src\Entity.cpp">
      <Filter>Source Files</Filter>
    </ClCompile>
    <ClCompile Include="..\src\Game.cpp">
      <Filter>Source Files</Filter>
    </ClCompile>
    <ClCompile Include="..\src\Main.cpp">
      <Filter>Source Files</Filter>
    </ClCompile>
    <ClCompile Include="..\src\Scene.cpp">
      <Filter>Source Files</Filter>
    </ClCompile>
    <ClCompile Include="..\src\MainScene.cpp">
      <Filter>Source Files\TestGame</Filter>
    </ClCompile>
    <ClCompile Include="..\src\TestGame.cpp">
      <Filter>Source Files\TestGame</Filter>
    </ClCompile>
    <ClCompile Include="..\src\Keyboard.cpp">
      <Filter>Source Files\input</Filter>
    </ClCompile>
    <ClCompile Include="..\src\Mouse.cpp">
      <Filter>Source Files\input</Filter>
    </ClCompile>
    <ClCompile Include="..\src\Camera.cpp">
      <Filter>Source Files</Filter>
    </ClCompile>
    <ClCompile Include="..\src\System.cpp">
      <Filter>Source Files</Filter>
    </ClCompile>
    <ClCompile Include="..\..\..\..\Shared Code\src\Transform.cpp">
      <Filter>Source Files</Filter>
    </ClCompile>
    <ClCompile Include="..\src\MeshInterface.cpp">
      <Filter>Source Files</Filter>
    </ClCompile>
    <ClCompile Include="..\..\..\..\Shared Code\src\Node.cpp">
      <Filter>Source Files</Filter>
    </ClCompile>
    <ClCompile Include="..\src\Resource.cpp">
      <Filter>Source Files</Filter>
    </ClCompile>
    <ClCompile Include="..\src\Texture.cpp">
      <Filter>Source Files</Filter>
    </ClCompile>
    <ClCompile Include="..\src\FrameBufferInterface.cpp">
      <Filter>Source Files</Filter>
    </ClCompile>
    <ClCompile Include="..\src\Plane.cpp">
      <Filter>Source Files\geo</Filter>
    </ClCompile>
    <ClCompile Include="..\src\RenderSurface.cpp">
      <Filter>Source Files</Filter>
    </ClCompile>
    <ClCompile Include="..\src\FakeAnimation.cpp">
      <Filter>Source Files</Filter>
    </ClCompile>
    <ClCompile Include="..\src\VoxelMesh.cpp">
      <Filter>Source Files</Filter>
    </ClCompile>
    <ClCompile Include="..\..\..\..\Shared Code\src\Animation.cpp">
      <Filter>Source Files</Filter>
    </ClCompile>
    <ClCompile Include="..\..\..\..\Shared Code\src\NodeAnimatable.cpp">
      <Filter>Source Files</Filter>
    </ClCompile>
    <ClCompile Include="..\..\..\..\Shared Code\src\NodeResource.cpp">
      <Filter>Source Files</Filter>
    </ClCompile>
    <ClCompile Include="..\..\..\..\Shared Code\src\Vox.cpp">
      <Filter>Source Files</Filter>
    </ClCompile>
    <ClCompile Include="..\..\..\..\Shared Code\src\VoxMatrices.cpp">
      <Filter>Source Files</Filter>
    </ClCompile>
    <ClCompile Include="..\..\..\..\Shared Code\src\MatrixStack.cpp">
      <Filter>Source Files</Filter>
    </ClCompile>
    <ClCompile Include="..\..\..\..\Shared Code\src\RenderOptions.cpp">
      <Filter>Source Files</Filter>
    </ClCompile>
    <ClCompile Include="..\..\..\..\Shared Code\src\Light.cpp">
      <Filter>Source Files</Filter>
    </ClCompile>
    <ClCompile Include="..\..\..\..\Shared Code\src\Shader.cpp">
      <Filter>Source Files</Filter>
    </ClCompile>
    <ClCompile Include="..\..\..\..\Shared Code\src\Keyframe.cpp">
      <Filter>Source Files</Filter>
    </ClCompile>
    <ClCompile Include="..\..\..\..\Shared Code\src\Step.cpp">
      <Filter>Source Files</Filter>
    </ClCompile>
    <ClCompile Include="..\src\Material.cpp">
      <Filter>Source Files</Filter>
    </ClCompile>
    <ClCompile Include="..\..\..\..\Shared Code\src\FrameBufferChannel.cpp">
      <Filter>Source Files</Filter>
    </ClCompile>
    <ClCompile Include="..\src\DepthFrameBuffer.cpp">
      <Filter>Source Files</Filter>
    </ClCompile>
    <ClCompile Include="..\src\StandardFrameBuffer.cpp">
      <Filter>Source Files</Filter>
    </ClCompile>
    <ClCompile Include="..\..\..\..\Shared Code\src\NodeHierarchical.cpp">
      <Filter>Source Files</Filter>
    </ClCompile>
    <ClCompile Include="..\..\..\..\Shared Code\src\NodeUpdatable.cpp">
      <Filter>Source Files</Filter>
    </ClCompile>
    <ClCompile Include="..\src\GLFWRenderOptions.cpp">
      <Filter>Source Files</Filter>
    </ClCompile>
  </ItemGroup>
  <ItemGroup>
    <ClInclude Include="..\include\Cube.h">
      <Filter>Header Files\geo</Filter>
    </ClInclude>
    <ClInclude Include="..\include\FileUtils.h">
      <Filter>Header Files\utils</Filter>
    </ClInclude>
    <ClInclude Include="..\include\GLUtils.h">
      <Filter>Header Files\utils</Filter>
    </ClInclude>
    <ClInclude Include="..\include\Entity.h">
      <Filter>Header Files</Filter>
    </ClInclude>
    <ClInclude Include="..\include\Game.h">
      <Filter>Header Files</Filter>
    </ClInclude>
    <ClInclude Include="..\include\Scene.h">
      <Filter>Header Files</Filter>
    </ClInclude>
    <ClInclude Include="..\include\MainScene.h">
      <Filter>Header Files\TestGame</Filter>
    </ClInclude>
    <ClInclude Include="..\include\TestGame.h">
      <Filter>Header Files\TestGame</Filter>
    </ClInclude>
    <ClInclude Include="..\include\Keyboard.h">
      <Filter>Header Files\input</Filter>
    </ClInclude>
    <ClInclude Include="..\include\Mouse.h">
      <Filter>Header Files\input</Filter>
    </ClInclude>
    <ClInclude Include="..\include\System.h">
      <Filter>Header Files</Filter>
    </ClInclude>
    <ClInclude Include="..\include\Dimension.h">
      <Filter>Header Files</Filter>
    </ClInclude>
    <ClInclude Include="..\include\Camera.h">
      <Filter>Header Files</Filter>
    </ClInclude>
    <ClInclude Include="..\include\Vertex.h">
      <Filter>Header Files</Filter>
    </ClInclude>
    <ClInclude Include="..\..\..\..\Shared Code\include\Transform.h">
      <Filter>Header Files</Filter>
    </ClInclude>
    <ClInclude Include="..\include\MeshInterface.h">
      <Filter>Header Files</Filter>
    </ClInclude>
    <ClInclude Include="..\..\..\..\Shared Code\include\Node.h">
      <Filter>Header Files</Filter>
    </ClInclude>
    <ClInclude Include="..\include\Resource.h">
      <Filter>Header Files</Filter>
    </ClInclude>
    <ClInclude Include="..\include\Texture.h">
      <Filter>Header Files</Filter>
    </ClInclude>
    <ClInclude Include="..\include\FrameBufferInterface.h">
      <Filter>Header Files</Filter>
    </ClInclude>
    <ClInclude Include="..\include\Plane.h">
      <Filter>Header Files\geo</Filter>
    </ClInclude>
    <ClInclude Include="..\include\RenderSurface.h">
      <Filter>Header Files</Filter>
    </ClInclude>
    <ClInclude Include="..\include\FrameBufferVertex.h">
      <Filter>Header Files</Filter>
    </ClInclude>
    <ClInclude Include="..\include\FakeAnimation.h">
      <Filter>Header Files</Filter>
    </ClInclude>
    <ClInclude Include="..\..\..\..\Shared Code\include\NodeTransformable.h">
      <Filter>Header Files</Filter>
    </ClInclude>
    <ClInclude Include="..\..\..\..\Shared Code\include\NodeHierarchical.h">
      <Filter>Header Files</Filter>
    </ClInclude>
    <ClInclude Include="..\include\VoxelMesh.h">
      <Filter>Header Files</Filter>
    </ClInclude>
    <ClInclude Include="..\..\..\..\Shared Code\include\Animation.h">
      <Filter>Header Files</Filter>
    </ClInclude>
    <ClInclude Include="..\..\..\..\Shared Code\include\NodeAnimatable.h">
      <Filter>Header Files</Filter>
    </ClInclude>
    <ClInclude Include="..\..\..\..\Shared Code\include\NodeRenderable.h">
      <Filter>Header Files</Filter>
    </ClInclude>
    <ClInclude Include="..\..\..\..\Shared Code\include\NodeResource.h">
      <Filter>Header Files</Filter>
    </ClInclude>
    <ClInclude Include="..\..\..\..\Shared Code\include\Vox.h">
      <Filter>Header Files</Filter>
    </ClInclude>
    <ClInclude Include="..\..\..\..\Shared Code\include\VoxMatrices.h">
      <Filter>Header Files</Filter>
    </ClInclude>
    <ClInclude Include="..\..\..\..\Shared Code\include\MatrixStack.h">
      <Filter>Header Files</Filter>
    </ClInclude>
    <ClInclude Include="..\..\..\..\Shared Code\include\RenderOptions.h">
      <Filter>Header Files</Filter>
    </ClInclude>
    <ClInclude Include="..\..\..\..\Shared Code\include\Light.h">
      <Filter>Header Files</Filter>
    </ClInclude>
    <ClInclude Include="..\..\..\..\Shared Code\include\Shader.h">
      <Filter>Header Files</Filter>
    </ClInclude>
    <ClInclude Include="..\..\..\..\Shared Code\include\Step.h">
      <Filter>Header Files</Filter>
    </ClInclude>
    <ClInclude Include="..\include\Material.h">
      <Filter>Header Files</Filter>
    </ClInclude>
    <ClInclude Include="..\..\..\..\Shared Code\include\FrameBufferChannel.h">
      <Filter>Header Files</Filter>
    </ClInclude>
    <ClInclude Include="..\include\DepthFrameBuffer.h">
      <Filter>Header Files</Filter>
    </ClInclude>
    <ClInclude Include="..\include\StandardFrameBuffer.h">
      <Filter>Header Files</Filter>
    </ClInclude>
    <ClInclude Include="..\include\GLFWRenderOptions.h">
      <Filter>Header Files</Filter>
    </ClInclude>
  </ItemGroup>
  <ItemGroup>
    <None Include="..\assets\junkdata.frag">
      <Filter>Resource Files\shaders</Filter>
    </None>
    <None Include="..\assets\junkdata.vert">
      <Filter>Resource Files\shaders</Filter>
    </None>
    <None Include="..\assets\ColourShader.frag">
      <Filter>Resource Files\shaders</Filter>
    </None>
    <None Include="..\assets\ColourShader.vert">
      <Filter>Resource Files\shaders</Filter>
    </None>
    <None Include="..\assets\cube.vox" />
    <None Include="..\assets\diffuse.vert">
      <Filter>Resource Files\shaders</Filter>
    </None>
    <None Include="..\assets\diffuse.frag">
      <Filter>Resource Files\shaders</Filter>
    </None>
    <None Include="..\assets\voxel.geom">
      <Filter>Resource Files\shaders</Filter>
    </None>
    <None Include="..\assets\voxel.frag">
      <Filter>Resource Files\shaders</Filter>
    </None>
    <None Include="..\assets\voxel.vert">
      <Filter>Resource Files\shaders</Filter>
    </None>
    <None Include="..\assets\RenderSurface.vert">
      <Filter>Resource Files\shaders</Filter>
    </None>
    <None Include="..\assets\RenderSurface.frag">
      <Filter>Resource Files\shaders</Filter>
    </None>
    <None Include="..\assets\phong.frag">
      <Filter>Resource Files\shaders</Filter>
    </None>
    <None Include="..\assets\phong.vert">
      <Filter>Resource Files\shaders</Filter>
    </None>
    <None Include="..\assets\DepthMapShader.vert">
      <Filter>Resource Files\shaders</Filter>
    </None>
    <None Include="..\assets\DepthMapShader.frag">
      <Filter>Resource Files\shaders</Filter>
    </None>
    <None Include="..\assets\shadow.frag">
      <Filter>Resource Files\shaders</Filter>
    </None>
    <None Include="..\assets\shadow.vert">
      <Filter>Resource Files\shaders</Filter>
    </None>
  </ItemGroup>
  <ItemGroup>
    <Image Include="..\assets\voxel-texture.png">
      <Filter>Resource Files\shaders</Filter>
    </Image>
    <Image Include="..\assets\uv-test.jpg">
      <Filter>Resource Files\textures</Filter>
    </Image>
  </ItemGroup>
</Project>