<?xml version="1.0" encoding="utf-8"?>
<Project ToolsVersion="4.0" xmlns="http://schemas.microsoft.com/developer/msbuild/2003">
  <ItemGroup>
    <ClCompile Include="..\..\..\..\Shared Code\src\Node.cpp" />
    <ClCompile Include="..\..\..\..\Shared Code\src\Transform.cpp" />
    <ClCompile Include="..\src\Camera.cpp" />
    <ClCompile Include="..\src\Cube.cpp" />
    <ClCompile Include="..\src\Entity.cpp" />
    <ClCompile Include="..\src\FileUtils.cpp" />
    <ClCompile Include="..\src\Game.cpp" />
    <ClCompile Include="..\src\GLUtils.cpp" />
    <ClCompile Include="..\src\Keyboard.cpp" />
    <ClCompile Include="..\src\Light.cpp" />
    <ClCompile Include="..\src\Main.cpp" />
    <ClCompile Include="..\src\MainScene.cpp" />
    <ClCompile Include="..\src\Mouse.cpp" />
    <ClCompile Include="..\src\RenderSystem.cpp" />
    <ClCompile Include="..\src\Resource.cpp" />
    <ClCompile Include="..\src\Scene.cpp" />
    <ClCompile Include="..\src\ShaderInterface.cpp" />
    <ClCompile Include="..\src\ShaderLoader.cpp" />
    <ClCompile Include="..\src\System.cpp" />
    <ClCompile Include="..\src\TestGame.cpp" />
    <ClCompile Include="..\src\MeshInterface.cpp" />
    <ClCompile Include="..\src\Texture.cpp" />
    <ClCompile Include="..\src\Vox.cpp" />
  </ItemGroup>
  <ItemGroup>
    <ClInclude Include="..\..\..\..\Shared Code\include\Node.h" />
    <ClInclude Include="..\..\..\..\Shared Code\include\Transform.h" />
    <ClInclude Include="..\include\Camera.h" />
    <ClInclude Include="..\include\Cube.h" />
    <ClInclude Include="..\include\Dimension.h" />
    <ClInclude Include="..\include\Entity.h" />
    <ClInclude Include="..\include\FileUtils.h" />
    <ClInclude Include="..\include\Game.h" />
    <ClInclude Include="..\include\GLUtils.h" />
    <ClInclude Include="..\include\Keyboard.h" />
    <ClInclude Include="..\include\Light.h" />
    <ClInclude Include="..\include\Mouse.h" />
    <ClInclude Include="..\include\Resource.h" />
    <ClInclude Include="..\include\System.h" />
    <ClInclude Include="..\include\TestGame.h" />
    <ClInclude Include="..\include\MainScene.h" />
    <ClInclude Include="..\include\RenderSystem.h" />
    <ClInclude Include="..\include\Scene.h" />
    <ClInclude Include="..\include\ShaderInterface.h" />
    <ClInclude Include="..\include\ShaderLoader.h" />
    <ClInclude Include="..\include\Texture.h" />
    <ClInclude Include="..\include\Vertex.h" />
    <ClInclude Include="..\include\MeshInterface.h" />
    <ClInclude Include="..\include\Vox.h" />
  </ItemGroup>
  <ItemGroup>
    <None Include="..\assets\ColourShader.frag" />
    <None Include="..\assets\ColourShader.vert" />
    <None Include="..\assets\diffuse.frag" />
    <None Include="..\assets\diffuse.vert" />
    <None Include="..\assets\cube.vox" />
    <None Include="..\assets\junkdata.frag" />
    <None Include="..\assets\junkdata.vert" />
  </ItemGroup>
</Project>