
Microsoft Visual Studio Solution File, Format Version 12.00
# Visual Studio 2013
VisualStudioVersion = 12.0.30501.0
MinimumVisualStudioVersion = 10.0.40219.1
Project("{2150E333-8FDC-42A3-9474-1A3956D46DE8}") = "Solution Items", "Solution Items", "{A445FC11-3045-4268-B44D-959EDDFB3B94}"
	ProjectSection(SolutionItems) = preProject
		directories.props = directories.props
	EndProjectSection
EndProject
Project("{8BC9CEB8-8B4A-11D0-8D11-00A0C91BC942}") = "S-Tengine2 - 2012", "S-Tengine2\S-Tengine2 - 2012.vcxproj", "{B6AFC105-EAF0-41B3-BD41-75D4570CD35A}"
EndProject
Project("{8BC9CEB8-8B4A-11D0-8D11-00A0C91BC942}") = "S-Tengine2 - 2013", "S-Tengine2\S-Tengine2 - 2013.vcxproj", "{E178CAF8-5E96-478C-812C-DCBA942FC878}"
EndProject
Global
	GlobalSection(SolutionConfigurationPlatforms) = preSolution
		LibDebug|Win32 = LibDebug|Win32
		LibRelease|Win32 = LibRelease|Win32
	EndGlobalSection
	GlobalSection(ProjectConfigurationPlatforms) = postSolution
		{B6AFC105-EAF0-41B3-BD41-75D4570CD35A}.LibDebug|Win32.ActiveCfg = LibDebug|Win32
		{B6AFC105-EAF0-41B3-BD41-75D4570CD35A}.LibDebug|Win32.Build.0 = LibDebug|Win32
		{B6AFC105-EAF0-41B3-BD41-75D4570CD35A}.LibRelease|Win32.ActiveCfg = LibRelease|Win32
		{B6AFC105-EAF0-41B3-BD41-75D4570CD35A}.LibRelease|Win32.Build.0 = LibRelease|Win32
		{E178CAF8-5E96-478C-812C-DCBA942FC878}.LibDebug|Win32.ActiveCfg = LibDebug|Win32
		{E178CAF8-5E96-478C-812C-DCBA942FC878}.LibDebug|Win32.Build.0 = LibDebug|Win32
		{E178CAF8-5E96-478C-812C-DCBA942FC878}.LibRelease|Win32.ActiveCfg = LibRelease|Win32
		{E178CAF8-5E96-478C-812C-DCBA942FC878}.LibRelease|Win32.Build.0 = LibRelease|Win32
	EndGlobalSection
	GlobalSection(SolutionProperties) = preSolution
		HideSolutionNode = FALSE
	EndGlobalSection
EndGlobal
