<?xml version="1.0" encoding="utf-8"?>
<Project ToolsVersion="4.0" xmlns="http://schemas.microsoft.com/developer/msbuild/2003">
  <ItemGroup>
    <ClCompile Include="../src/Accelerometer.cpp">
      <Filter>Source</Filter>
    </ClCompile>
    <ClCompile Include="../src/AccelerometerParser.cpp">
      <Filter>Source</Filter>
    </ClCompile>
    <ClCompile Include="../src/poly2Tri/sweep/advancing_front.cc">
      <Filter>Source</Filter>
    </ClCompile>
    <ClCompile Include="../src/Arduino.cpp">
      <Filter>Source</Filter>
    </ClCompile>
    <ClCompile Include="../src/BaseScene.cpp">
      <Filter>Source</Filter>
    </ClCompile>
    <ClCompile Include="../src/Behaviour.cpp">
      <Filter>Source</Filter>
    </ClCompile>
    <ClCompile Include="../src/BehaviourAttack.cpp">
      <Filter>Source</Filter>
    </ClCompile>
    <ClCompile Include="../src/BehaviourFollow.cpp">
      <Filter>Source</Filter>
    </ClCompile>
    <ClCompile Include="../src/BehaviourManager.cpp">
      <Filter>Source</Filter>
    </ClCompile>
    <ClCompile Include="../src/BehaviourPatrol.cpp">
      <Filter>Source</Filter>
    </ClCompile>
    <ClCompile Include="../src/BitmapFont.cpp">
      <Filter>Source</Filter>
    </ClCompile>
    <ClCompile Include="../src/Boulder.cpp">
      <Filter>Source</Filter>
    </ClCompile>
    <ClCompile Include="../src/Box2DDebugDraw.cpp">
      <Filter>Source</Filter>
    </ClCompile>
    <ClCompile Include="../src/Box2DJoint.cpp">
      <Filter>Source</Filter>
    </ClCompile>
    <ClCompile Include="../src/Box2DMeshEntity.cpp">
      <Filter>Source</Filter>
    </ClCompile>
    <ClCompile Include="../src/Box2DSprite.cpp">
      <Filter>Source</Filter>
    </ClCompile>
    <ClCompile Include="../src/Box2DSuperSprite.cpp">
      <Filter>Source</Filter>
    </ClCompile>
    <ClCompile Include="../src/Box2DWorld.cpp">
      <Filter>Source</Filter>
    </ClCompile>
    <ClCompile Include="../src/Camera.cpp">
      <Filter>Source</Filter>
    </ClCompile>
    <ClCompile Include="../src/Castle.cpp">
      <Filter>Source</Filter>
    </ClCompile>
    <ClCompile Include="../src/Catapult.cpp">
      <Filter>Source</Filter>
    </ClCompile>
    <ClCompile Include="../src/poly2Tri/sweep/cdt.cc">
      <Filter>Source</Filter>
    </ClCompile>
    <ClCompile Include="../src/Character.cpp">
      <Filter>Source</Filter>
    </ClCompile>
    <ClCompile Include="../src/Character1.cpp">
      <Filter>Source</Filter>
    </ClCompile>
    <ClCompile Include="../src/Character2.cpp">
      <Filter>Source</Filter>
    </ClCompile>
    <ClCompile Include="../src/Character3.cpp">
      <Filter>Source</Filter>
    </ClCompile>
    <ClCompile Include="../src/Character4.cpp">
      <Filter>Source</Filter>
    </ClCompile>
    <ClCompile Include="../src/CharacterComponent.cpp">
      <Filter>Source</Filter>
    </ClCompile>
    <ClCompile Include="../src/ControllableOrthographicCamera.cpp">
      <Filter>Source</Filter>
    </ClCompile>
    <ClCompile Include="../src/Cube.cpp">
      <Filter>Source</Filter>
    </ClCompile>
    <ClCompile Include="../src/CylinderScreen.cpp">
      <Filter>Source</Filter>
    </ClCompile>
    <ClCompile Include="../src/DepthFrameBuffer.cpp">
      <Filter>Source</Filter>
    </ClCompile>
    <ClCompile Include="../src/DialogAction.cpp">
      <Filter>Source</Filter>
    </ClCompile>
    <ClCompile Include="../src/DialogEvent.cpp">
      <Filter>Source</Filter>
    </ClCompile>
    <ClCompile Include="../src/DialogHandler.cpp">
      <Filter>Source</Filter>
    </ClCompile>
    <ClCompile Include="../src/DirectionalLight.cpp">
      <Filter>Source</Filter>
    </ClCompile>
    <ClCompile Include="../src/Entity.cpp">
      <Filter>Source</Filter>
    </ClCompile>
    <ClCompile Include="../src/FakeAnimation.cpp">
      <Filter>Source</Filter>
    </ClCompile>
    <ClCompile Include="../src/FileUtils.cpp">
      <Filter>Source</Filter>
    </ClCompile>
    <ClCompile Include="../src/FollowCamera.cpp">
      <Filter>Source</Filter>
    </ClCompile>
    <ClCompile Include="../src/FrameBufferChannel.cpp">
      <Filter>Source</Filter>
    </ClCompile>
    <ClCompile Include="../src/FrameBufferInterface.cpp">
      <Filter>Source</Filter>
    </ClCompile>
    <ClCompile Include="../src/Game.cpp">
      <Filter>Source</Filter>
    </ClCompile>
    <ClCompile Include="../src/GameJamCharacter.cpp">
      <Filter>Source</Filter>
    </ClCompile>
    <ClCompile Include="../src/GameJamContactListener.cpp">
      <Filter>Source</Filter>
    </ClCompile>
    <ClCompile Include="../src/GameJamGame.cpp">
      <Filter>Source</Filter>
    </ClCompile>
    <ClCompile Include="../src/GameJamScene.cpp">
      <Filter>Source</Filter>
    </ClCompile>
    <ClCompile Include="../src/GameJamSceneIndoor.cpp">
      <Filter>Source</Filter>
    </ClCompile>
    <ClCompile Include="../src/GameJamSceneOutdoor.cpp">
      <Filter>Source</Filter>
    </ClCompile>
    <ClCompile Include="../src/GLUtils.cpp">
      <Filter>Source</Filter>
    </ClCompile>
    <ClCompile Include="../src/Hair.cpp">
      <Filter>Source</Filter>
    </ClCompile>
    <ClCompile Include="../src/Item.cpp">
      <Filter>Source</Filter>
    </ClCompile>
    <ClCompile Include="../src/ItemFlail.cpp">
      <Filter>Source</Filter>
    </ClCompile>
    <ClCompile Include="../src/ItemProjectileWeapon.cpp">
      <Filter>Source</Filter>
    </ClCompile>
    <ClCompile Include="../src/ItemSimpleWeapon.cpp">
      <Filter>Source</Filter>
    </ClCompile>
    <ClCompile Include="../src/jsoncpp.cpp">
      <Filter>Source</Filter>
    </ClCompile>
    <ClCompile Include="../src/Keyboard.cpp">
      <Filter>Source</Filter>
    </ClCompile>
    <ClCompile Include="../src/LayeredScene.cpp">
      <Filter>Source</Filter>
    </ClCompile>
    <ClCompile Include="../src/Lever.cpp">
      <Filter>Source</Filter>
    </ClCompile>
    <ClCompile Include="../src/Light.cpp">
      <Filter>Source</Filter>
    </ClCompile>
    <ClCompile Include="../src/ListenAction.cpp">
      <Filter>Source</Filter>
    </ClCompile>
    <ClCompile Include="../src/Main.cpp">
      <Filter>Source</Filter>
    </ClCompile>
    <ClCompile Include="../src/Material.cpp">
      <Filter>Source</Filter>
    </ClCompile>
    <ClCompile Include="../src/MatrixStack.cpp">
      <Filter>Source</Filter>
    </ClCompile>
    <ClCompile Include="../src/MeshEntity.cpp">
      <Filter>Source</Filter>
    </ClCompile>
    <ClCompile Include="../src/MeshFactory.cpp">
      <Filter>Source</Filter>
    </ClCompile>
    <ClCompile Include="../src/MeshInterface.cpp">
      <Filter>Source</Filter>
    </ClCompile>
    <ClCompile Include="../src/Mouse.cpp">
      <Filter>Source</Filter>
    </ClCompile>
    <ClCompile Include="../src/MousePerspectiveCamera.cpp">
      <Filter>Source</Filter>
    </ClCompile>
    <ClCompile Include="../src/NumberUtils.cpp">
      <Filter>Source</Filter>
    </ClCompile>
    <ClCompile Include="../src/OrthographicCamera.cpp">
      <Filter>Source</Filter>
    </ClCompile>
    <ClCompile Include="../src/ParticleSystem.cpp">
      <Filter>Source</Filter>
    </ClCompile>
    <ClCompile Include="../src/PerspectiveCamera.cpp">
      <Filter>Source</Filter>
    </ClCompile>
    <ClCompile Include="../src/Plane.cpp">
      <Filter>Source</Filter>
    </ClCompile>
    <ClCompile Include="../src/Point.cpp">
      <Filter>Source</Filter>
    </ClCompile>
    <ClCompile Include="../src/PointLight.cpp">
      <Filter>Source</Filter>
    </ClCompile>
    <ClCompile Include="../src/PuppetCharacter.cpp">
      <Filter>Source</Filter>
    </ClCompile>
    <ClCompile Include="../src/PuppetCharacterCastleChampion.cpp">
      <Filter>Source</Filter>
    </ClCompile>
    <ClCompile Include="../src/PuppetCharacterGuard.cpp">
      <Filter>Source</Filter>
    </ClCompile>
    <ClCompile Include="../src/PuppetCharacterKnight.cpp">
      <Filter>Source</Filter>
    </ClCompile>
    <ClCompile Include="../src/PuppetCharacterRapunzel.cpp">
      <Filter>Source</Filter>
    </ClCompile>
    <ClCompile Include="../src/PuppetCharacterThief.cpp">
      <Filter>Source</Filter>
    </ClCompile>
    <ClCompile Include="../src/PuppetContactListener.cpp">
      <Filter>Source</Filter>
    </ClCompile>
    <ClCompile Include="../src/PuppetController.cpp">
      <Filter>Source</Filter>
    </ClCompile>
    <ClCompile Include="../src/PuppetGame.cpp">
      <Filter>Source</Filter>
    </ClCompile>
    <ClCompile Include="../src/PuppetResourceManager.cpp">
      <Filter>Source</Filter>
    </ClCompile>
    <ClCompile Include="../src/PuppetScene.cpp">
      <Filter>Source</Filter>
    </ClCompile>
    <ClCompile Include="../src/PuppetTexturePack.cpp">
      <Filter>Source</Filter>
    </ClCompile>
    <ClCompile Include="../src/RaidTheCastle.cpp">
      <Filter>Source</Filter>
    </ClCompile>
    <ClCompile Include="../src/RaidTheCastleContactListener.cpp">
      <Filter>Source</Filter>
    </ClCompile>
    <ClCompile Include="../src/RaidTheCastleResourceManager.cpp">
      <Filter>Source</Filter>
    </ClCompile>
    <ClCompile Include="../src/RandomCharacter.cpp">
      <Filter>Source</Filter>
    </ClCompile>
    <ClCompile Include="../src/RandomGround.cpp">
      <Filter>Source</Filter>
    </ClCompile>
    <ClCompile Include="../src/Rapunzel.cpp">
      <Filter>Source</Filter>
    </ClCompile>
    <ClCompile Include="../src/RapunzelContactListener.cpp">
      <Filter>Source</Filter>
    </ClCompile>
    <ClCompile Include="../src/RapunzelResourceManager.cpp">
      <Filter>Source</Filter>
    </ClCompile>
    <ClCompile Include="../src/Rectangle.cpp">
      <Filter>Source</Filter>
    </ClCompile>
    <ClCompile Include="../src/RenderOptions.cpp">
      <Filter>Source</Filter>
    </ClCompile>
    <ClCompile Include="../src/RenderSurface.cpp">
      <Filter>Source</Filter>
    </ClCompile>
    <ClCompile Include="../src/Resource.cpp">
      <Filter>Source</Filter>
    </ClCompile>
    <ClCompile Include="../src/ResourceManager.cpp">
      <Filter>Source</Filter>
    </ClCompile>
    <ClCompile Include="../src/SayAction.cpp">
      <Filter>Source</Filter>
    </ClCompile>
    <ClCompile Include="../src/Scene.cpp">
      <Filter>Source</Filter>
    </ClCompile>
    <ClCompile Include="../src/Scene2D.cpp">
      <Filter>Source</Filter>
    </ClCompile>
    <ClCompile Include="../src/SceneRoot.cpp">
      <Filter>Source</Filter>
    </ClCompile>
    <ClCompile Include="../src/poly2Tri/common/shapes.cc">
      <Filter>Source</Filter>
    </ClCompile>
    <ClCompile Include="../src/shader/SharedComponentShaderMethods.cpp">
      <Filter>Source</Filter>
    </ClCompile>
    <ClCompile Include="../src/node/ShiftKiddie.cpp">
      <Filter>Source</Filter>
    </ClCompile>
    <ClCompile Include="../src/SlayTheDragon.cpp">
      <Filter>Source</Filter>
    </ClCompile>
    <ClCompile Include="../src/SlayTheDragonContactListener.cpp">
      <Filter>Source</Filter>
    </ClCompile>
    <ClCompile Include="../src/SlayTheDragonResourceManager.cpp">
      <Filter>Source</Filter>
    </ClCompile>
    <ClCompile Include="../src/Sound.cpp">
      <Filter>Source</Filter>
    </ClCompile>
    <ClCompile Include="../src/SoundManager.cpp">
      <Filter>Source</Filter>
    </ClCompile>
    <ClCompile Include="../src/Sprite.cpp">
      <Filter>Source</Filter>
    </ClCompile>
    <ClCompile Include="../src/SpriteMesh.cpp">
      <Filter>Source</Filter>
    </ClCompile>
    <ClCompile Include="../src/SpriteSheet.cpp">
      <Filter>Source</Filter>
    </ClCompile>
    <ClCompile Include="../src/SpriteSheetAnimation.cpp">
      <Filter>Source</Filter>
    </ClCompile>
    <ClCompile Include="../src/StandardFrameBuffer.cpp">
      <Filter>Source</Filter>
    </ClCompile>
    <ClCompile Include="../src/Step.cpp">
      <Filter>Source</Filter>
    </ClCompile>
    <ClCompile Include="../src/StringUtils.cpp">
      <Filter>Source</Filter>
    </ClCompile>
    <ClCompile Include="../src/Structure.cpp">
      <Filter>Source</Filter>
    </ClCompile>
    <ClCompile Include="../src/poly2Tri/sweep/sweep.cc">
      <Filter>Source</Filter>
    </ClCompile>
    <ClCompile Include="../src/poly2Tri/sweep/sweep_context.cc">
      <Filter>Source</Filter>
    </ClCompile>
    <ClCompile Include="../src/System.cpp">
      <Filter>Source</Filter>
    </ClCompile>
    <ClCompile Include="../src/TestCharacter.cpp">
      <Filter>Source</Filter>
    </ClCompile>
    <ClCompile Include="../src/TestScene2D.cpp">
      <Filter>Source</Filter>
    </ClCompile>
    <ClCompile Include="../src/TextChunk.cpp">
      <Filter>Source</Filter>
    </ClCompile>
    <ClCompile Include="../src/Texture.cpp">
      <Filter>Source</Filter>
    </ClCompile>
    <ClCompile Include="../src/Transform.cpp">
      <Filter>Source</Filter>
    </ClCompile>
    <ClCompile Include="../src/VictoryScene.cpp">
      <Filter>Source</Filter>
    </ClCompile>
    <ClCompile Include="../src/Vox.cpp">
      <Filter>Source</Filter>
    </ClCompile>
    <ClCompile Include="../src/shader/VoxelComponent.cpp">
      <Filter>Source</Filter>
    </ClCompile>
    <ClCompile Include="../src/VoxelJoint.cpp">
      <Filter>Source</Filter>
    </ClCompile>
    <ClCompile Include="../src/VoxelMesh.cpp">
      <Filter>Source</Filter>
    </ClCompile>
    <ClCompile Include="../src/VoxMatrices.cpp">
      <Filter>Source</Filter>
    </ClCompile>
    <ClCompile Include="../src/VoxRenderOptions.cpp">
      <Filter>Source</Filter>
    </ClCompile>
    <ClCompile Include="../src/node/Node.cpp">
      <Filter>Source/Node</Filter>
    </ClCompile>
    <ClCompile Include="../src/node/NodeAnimatable.cpp">
      <Filter>Source/Node</Filter>
    </ClCompile>
    <ClCompile Include="../src/node/NodeBox2DBody.cpp">
      <Filter>Source/Node</Filter>
    </ClCompile>
    <ClCompile Include="../src/node/NodeChild.cpp">
      <Filter>Source/Node</Filter>
    </ClCompile>
    <ClCompile Include="../src/node/NodeHierarchical.cpp">
      <Filter>Source/Node</Filter>
    </ClCompile>
    <ClCompile Include="../src/node/NodeLoadable.cpp">
      <Filter>Source/Node</Filter>
    </ClCompile>
    <ClCompile Include="../src/node/NodeParent.cpp">
      <Filter>Source/Node</Filter>
    </ClCompile>
    <ClCompile Include="../src/node/NodeRenderable.cpp">
      <Filter>Source/Node</Filter>
    </ClCompile>
    <ClCompile Include="../src/node/NodeResource.cpp">
      <Filter>Source/Node</Filter>
    </ClCompile>
    <ClCompile Include="../src/node/NodeSelectable.cpp">
      <Filter>Source/Node</Filter>
    </ClCompile>
    <ClCompile Include="../src/node/NodeUpdatable.cpp">
      <Filter>Source/Node</Filter>
    </ClCompile>
    <ClCompile Include="../src/shader/BaseComponentShader.cpp">
      <Filter>Source/Shader</Filter>
    </ClCompile>
    <ClCompile Include="../src/shader/BlurShader.cpp">
      <Filter>Source/Shader</Filter>
    </ClCompile>
    <ClCompile Include="../src/shader/DepthMapShader.cpp">
      <Filter>Source/Shader</Filter>
    </ClCompile>
    <ClCompile Include="../src/shader/Shader.cpp">
      <Filter>Source/Shader</Filter>
    </ClCompile>
    <ClCompile Include="../src/shader/ShaderComponentBlinn.cpp">
      <Filter>Source/Shader</Filter>
    </ClCompile>
    <ClCompile Include="../src/shader/ShaderComponent.cpp">
      <Filter>Source/Shader</Filter>
    </ClCompile>
    <ClCompile Include="../src/shader/ShaderComponentDiffuse.cpp">
      <Filter>Source/Shader</Filter>
    </ClCompile>
    <ClCompile Include="../src/shader/ShaderComponentHsv.cpp">
      <Filter>Source/Shader</Filter>
    </ClCompile>
    <ClCompile Include="../src/shader/ShaderComponentPhong.cpp">
      <Filter>Source/Shader</Filter>
    </ClCompile>
    <ClCompile Include="../src/shader/ShaderComponentShadow.cpp">
      <Filter>Source/Shader</Filter>
    </ClCompile>
    <ClCompile Include="../src/shader/ShaderComponentTexture.cpp">
      <Filter>Source/Shader</Filter>
    </ClCompile>
    <ClCompile Include="../src/shader/ShaderLoader.cpp">
      <Filter>Source/Shader</Filter>
    </ClCompile>
    <ClCompile Include="../src/shader/GeometryComponent.cpp">
      <Filter>Source/Shader</Filter>
    </ClCompile>
  </ItemGroup>
  <ItemGroup>
    <ClInclude Include="../include/Accelerometer.h">
      <Filter>Include</Filter>
    </ClInclude>
    <ClInclude Include="../include/poly2Tri/sweep/advancing_front.h">
      <Filter>Include</Filter>
    </ClInclude>
    <ClInclude Include="../include/AccelerometerParser.h">
      <Filter>Include</Filter>
    </ClInclude>
    <ClInclude Include="../include/Animation.h">
      <Filter>Include</Filter>
    </ClInclude>
    <ClInclude Include="../include/Arduino.h">
      <Filter>Include</Filter>
    </ClInclude>
    <ClInclude Include="../include/Behaviour.h">
      <Filter>Include</Filter>
    </ClInclude>
    <ClInclude Include="../include/BaseScene.h">
      <Filter>Include</Filter>
    </ClInclude>
    <ClInclude Include="../include/BehaviourAttack.h">
      <Filter>Include</Filter>
    </ClInclude>
    <ClInclude Include="../include/BehaviourFollow.h">
      <Filter>Include</Filter>
    </ClInclude>
    <ClInclude Include="../include/BehaviourManager.h">
      <Filter>Include</Filter>
    </ClInclude>
    <ClInclude Include="../include/BehaviourPatrol.h">
      <Filter>Include</Filter>
    </ClInclude>
    <ClInclude Include="../include/BitmapFont.h">
      <Filter>Include</Filter>
    </ClInclude>
    <ClInclude Include="../include/Boulder.h">
      <Filter>Include</Filter>
    </ClInclude>
    <ClInclude Include="../include/Box2DDebugDraw.h">
      <Filter>Include</Filter>
    </ClInclude>
    <ClInclude Include="../include/Box2DJoint.h">
      <Filter>Include</Filter>
    </ClInclude>
    <ClInclude Include="../include/Box2DMeshEntity.h">
      <Filter>Include</Filter>
    </ClInclude>
    <ClInclude Include="../include/Box2DSprite.h">
      <Filter>Include</Filter>
    </ClInclude>
    <ClInclude Include="../include/Box2DSuperSprite.h">
      <Filter>Include</Filter>
    </ClInclude>
    <ClInclude Include="../include/Box2DWorld.h">
      <Filter>Include</Filter>
    </ClInclude>
    <ClInclude Include="../include/Camera.h">
      <Filter>Include</Filter>
    </ClInclude>
    <ClInclude Include="../include/Castle.h">
      <Filter>Include</Filter>
    </ClInclude>
    <ClInclude Include="../include/Catapult.h">
      <Filter>Include</Filter>
    </ClInclude>
    <ClInclude Include="../include/poly2Tri/sweep/cdt.h">
      <Filter>Include</Filter>
    </ClInclude>
    <ClInclude Include="../include/Character.h">
      <Filter>Include</Filter>
    </ClInclude>
    <ClInclude Include="../include/Character1.h">
      <Filter>Include</Filter>
    </ClInclude>
    <ClInclude Include="../include/Character2.h">
      <Filter>Include</Filter>
    </ClInclude>
    <ClInclude Include="../include/Character3.h">
      <Filter>Include</Filter>
    </ClInclude>
    <ClInclude Include="../include/Character4.h">
      <Filter>Include</Filter>
    </ClInclude>
    <ClInclude Include="../include/CharacterComponent.h">
      <Filter>Include</Filter>
    </ClInclude>
    <ClInclude Include="../include/ControllableOrthographicCamera.h">
      <Filter>Include</Filter>
    </ClInclude>
    <ClInclude Include="../include/Cube.h">
      <Filter>Include</Filter>
    </ClInclude>
    <ClInclude Include="../include/CylinderScreen.h">
      <Filter>Include</Filter>
    </ClInclude>
    <ClInclude Include="../include/DepthFrameBuffer.h">
      <Filter>Include</Filter>
    </ClInclude>
    <ClInclude Include="../include/shader/DepthMapShader.h">
      <Filter>Include</Filter>
    </ClInclude>
    <ClInclude Include="../include/DialogAction.h">
      <Filter>Include</Filter>
    </ClInclude>
    <ClInclude Include="../include/DialogEvent.h">
      <Filter>Include</Filter>
    </ClInclude>
    <ClInclude Include="../include/DialogHandler.h">
      <Filter>Include</Filter>
    </ClInclude>
    <ClInclude Include="../include/Dimension.h">
      <Filter>Include</Filter>
    </ClInclude>
    <ClInclude Include="../include/DirectionalLight.h">
      <Filter>Include</Filter>
    </ClInclude>
    <ClInclude Include="../include/Easing.h">
      <Filter>Include</Filter>
    </ClInclude>
    <ClInclude Include="../include/Entity.h">
      <Filter>Include</Filter>
    </ClInclude>
    <ClInclude Include="../include/FakeAnimation.h">
      <Filter>Include</Filter>
    </ClInclude>
    <ClInclude Include="../include/FileUtils.h">
      <Filter>Include</Filter>
    </ClInclude>
    <ClInclude Include="../include/FollowCamera.h">
      <Filter>Include</Filter>
    </ClInclude>
    <ClInclude Include="../include/FrameBufferChannel.h">
      <Filter>Include</Filter>
    </ClInclude>
    <ClInclude Include="../include/FrameBufferInterface.h">
      <Filter>Include</Filter>
    </ClInclude>
    <ClInclude Include="../include/FrameBufferVertex.h">
      <Filter>Include</Filter>
    </ClInclude>
    <ClInclude Include="../include/Game.h">
      <Filter>Include</Filter>
    </ClInclude>
    <ClInclude Include="../include/GameJamCategory.h">
      <Filter>Include</Filter>
    </ClInclude>
    <ClInclude Include="../include/GameJamCharacter.h">
      <Filter>Include</Filter>
    </ClInclude>
    <ClInclude Include="../include/GameJamContactListener.h">
      <Filter>Include</Filter>
    </ClInclude>
    <ClInclude Include="../include/GameJamGame.h">
      <Filter>Include</Filter>
    </ClInclude>
    <ClInclude Include="../include/GameJamScene.h">
      <Filter>Include</Filter>
    </ClInclude>
    <ClInclude Include="../src/GameJamSceneIndoor.h">
      <Filter>Include</Filter>
    </ClInclude>
    <ClInclude Include="../include/GameJamSceneOutdoor.h">
      <Filter>Include</Filter>
    </ClInclude>
    <ClInclude Include="../include/GLUtils.h">
      <Filter>Include</Filter>
    </ClInclude>
    <ClInclude Include="../include/Hair.h">
      <Filter>Include</Filter>
    </ClInclude>
    <ClInclude Include="../include/Item.h">
      <Filter>Include</Filter>
    </ClInclude>
    <ClInclude Include="../include/ItemFlail.h">
      <Filter>Include</Filter>
    </ClInclude>
    <ClInclude Include="../include/ItemProjectileWeapon.h">
      <Filter>Include</Filter>
    </ClInclude>
    <ClInclude Include="../include/ItemSimpleWeapon.h">
      <Filter>Include</Filter>
    </ClInclude>
    <ClInclude Include="../include/json/json-forwards.h">
      <Filter>Include</Filter>
    </ClInclude>
    <ClInclude Include="../include/json/json.h">
      <Filter>Include</Filter>
    </ClInclude>
    <ClInclude Include="../include/Keyboard.h">
      <Filter>Include</Filter>
    </ClInclude>
    <ClInclude Include="../include/LayeredScene.h">
      <Filter>Include</Filter>
    </ClInclude>
    <ClInclude Include="../include/Lever.h">
      <Filter>Include</Filter>
    </ClInclude>
    <ClInclude Include="../include/Light.h">
      <Filter>Include</Filter>
    </ClInclude>
    <ClInclude Include="../include/ListenAction.h">
      <Filter>Include</Filter>
    </ClInclude>
    <ClInclude Include="../include/Material.h">
      <Filter>Include</Filter>
    </ClInclude>
    <ClInclude Include="../include/MatrixStack.h">
      <Filter>Include</Filter>
    </ClInclude>
    <ClInclude Include="../include/MeshEntity.h">
      <Filter>Include</Filter>
    </ClInclude>
    <ClInclude Include="../include/MeshFactory.h">
      <Filter>Include</Filter>
    </ClInclude>
    <ClInclude Include="../include/MeshInterface.h">
      <Filter>Include</Filter>
    </ClInclude>
    <ClInclude Include="../include/Mouse.h">
      <Filter>Include</Filter>
    </ClInclude>
    <ClInclude Include="../include/MousePerspectiveCamera.h">
      <Filter>Include</Filter>
    </ClInclude>
    <ClInclude Include="../include/NumberUtils.h">
      <Filter>Include</Filter>
    </ClInclude>
    <ClInclude Include="../include/OrthographicCamera.h">
      <Filter>Include</Filter>
    </ClInclude>
    <ClInclude Include="../include/ParticleSystem.h">
      <Filter>Include</Filter>
    </ClInclude>
    <ClInclude Include="../include/PerspectiveCamera.h">
      <Filter>Include</Filter>
    </ClInclude>
    <ClInclude Include="../include/Plane.h">
      <Filter>Include</Filter>
    </ClInclude>
    <ClInclude Include="../include/Point.h">
      <Filter>Include</Filter>
    </ClInclude>
    <ClInclude Include="../include/poly2Tri/poly2tri.h">
      <Filter>Include</Filter>
    </ClInclude>
    <ClInclude Include="../include/PointLight.h">
      <Filter>Include</Filter>
    </ClInclude>
    <ClInclude Include="../include/PuppetCharacter.h">
      <Filter>Include</Filter>
    </ClInclude>
    <ClInclude Include="../include/PuppetCharacterCastleChampion.h">
      <Filter>Include</Filter>
    </ClInclude>
    <ClInclude Include="../include/PuppetCharacterGuard.h">
      <Filter>Include</Filter>
    </ClInclude>
    <ClInclude Include="../include/PuppetCharacterKnight.h">
      <Filter>Include</Filter>
    </ClInclude>
    <ClInclude Include="../include/PuppetCharacterRapunzel.h">
      <Filter>Include</Filter>
    </ClInclude>
    <ClInclude Include="../include/PuppetCharacterThief.h">
      <Filter>Include</Filter>
    </ClInclude>
    <ClInclude Include="../include/PuppetContactListener.h">
      <Filter>Include</Filter>
    </ClInclude>
    <ClInclude Include="../include/PuppetController.h">
      <Filter>Include</Filter>
    </ClInclude>
    <ClInclude Include="../include/PuppetGame.h">
      <Filter>Include</Filter>
    </ClInclude>
    <ClInclude Include="../include/PuppetResourceManager.h">
      <Filter>Include</Filter>
    </ClInclude>
    <ClInclude Include="../include/PuppetScene.h">
      <Filter>Include</Filter>
    </ClInclude>
    <ClInclude Include="../include/PuppetTexturePack.h">
      <Filter>Include</Filter>
    </ClInclude>
    <ClInclude Include="../include/RaidTheCastle.h">
      <Filter>Include</Filter>
    </ClInclude>
    <ClInclude Include="../include/RaidTheCastleContactListener.h">
      <Filter>Include</Filter>
    </ClInclude>
    <ClInclude Include="../include/RaidTheCastleResourceManager.h">
      <Filter>Include</Filter>
    </ClInclude>
    <ClInclude Include="../include/RandomCharacter.h">
      <Filter>Include</Filter>
    </ClInclude>
    <ClInclude Include="../include/RandomGround.h">
      <Filter>Include</Filter>
    </ClInclude>
    <ClInclude Include="../include/Rapunzel.h">
      <Filter>Include</Filter>
    </ClInclude>
    <ClInclude Include="../include/RapunzelContactListener.h">
      <Filter>Include</Filter>
    </ClInclude>
    <ClInclude Include="../include/RapunzelResourceManager.h">
      <Filter>Include</Filter>
    </ClInclude>
    <ClInclude Include="../include/Rectangle.h">
      <Filter>Include</Filter>
    </ClInclude>
    <ClInclude Include="../include/RenderOptions.h">
      <Filter>Include</Filter>
    </ClInclude>
    <ClInclude Include="../include/RenderSurface.h">
      <Filter>Include</Filter>
    </ClInclude>
    <ClInclude Include="../include/Resource.h">
      <Filter>Include</Filter>
    </ClInclude>
    <ClInclude Include="../include/ResourceManager.h">
      <Filter>Include</Filter>
    </ClInclude>
    <ClInclude Include="../include/SayAction.h">
      <Filter>Include</Filter>
    </ClInclude>
    <ClInclude Include="../include/Scene.h">
      <Filter>Include</Filter>
    </ClInclude>
    <ClInclude Include="../include/Scene2D.h">
      <Filter>Include</Filter>
    </ClInclude>
    <ClInclude Include="../include/SceneRoot.h">
      <Filter>Include</Filter>
    </ClInclude>
    <ClInclude Include="../include/poly2Tri/common/shapes.h">
      <Filter>Include</Filter>
    </ClInclude>
    <ClInclude Include="../include/node/ShiftKiddie.h">
      <Filter>Include</Filter>
    </ClInclude>
    <ClInclude Include="../include/SlayTheDragon.h">
      <Filter>Include</Filter>
    </ClInclude>
    <ClInclude Include="../include/Sound.h">
      <Filter>Include</Filter>
    </ClInclude>
    <ClInclude Include="../include/SlayTheDragonContactListener.h">
      <Filter>Include</Filter>
    </ClInclude>
    <ClInclude Include="../include/SlayTheDragonResourceManager.h">
      <Filter>Include</Filter>
    </ClInclude>
    <ClInclude Include="../include/SoundManager.h">
      <Filter>Include</Filter>
    </ClInclude>
    <ClInclude Include="../include/Sprite.h">
      <Filter>Include</Filter>
    </ClInclude>
    <ClInclude Include="../include/SpriteMesh.h">
      <Filter>Include</Filter>
    </ClInclude>
    <ClInclude Include="../include/SpriteSheet.h">
      <Filter>Include</Filter>
    </ClInclude>
    <ClInclude Include="../include/SpriteSheetAnimation.h">
      <Filter>Include</Filter>
    </ClInclude>
    <ClInclude Include="../include/StandardFrameBuffer.h">
      <Filter>Include</Filter>
    </ClInclude>
    <ClInclude Include="../include/Step.h">
      <Filter>Include</Filter>
    </ClInclude>
    <ClInclude Include="../include/StringUtils.h">
      <Filter>Include</Filter>
    </ClInclude>
    <ClInclude Include="../include/Structure.h">
      <Filter>Include</Filter>
    </ClInclude>
    <ClInclude Include="../include/poly2Tri/sweep/sweep.h">
      <Filter>Include</Filter>
    </ClInclude>
    <ClInclude Include="../include/poly2Tri/sweep/sweep_context.h">
      <Filter>Include</Filter>
    </ClInclude>
    <ClInclude Include="../include/System.h">
      <Filter>Include</Filter>
    </ClInclude>
    <ClInclude Include="../include/TestCharacter.h">
      <Filter>Include</Filter>
    </ClInclude>
    <ClInclude Include="../include/TestScene2D.h">
      <Filter>Include</Filter>
    </ClInclude>
    <ClInclude Include="../include/TextChunk.h">
      <Filter>Include</Filter>
    </ClInclude>
    <ClInclude Include="../include/Texture.h">
      <Filter>Include</Filter>
    </ClInclude>
    <ClInclude Include="../include/Tween.h">
      <Filter>Include</Filter>
    </ClInclude>
    <ClInclude Include="../include/Transform.h">
      <Filter>Include</Filter>
    </ClInclude>
    <ClInclude Include="../include/poly2Tri/common/utils.h">
      <Filter>Include</Filter>
    </ClInclude>
    <ClInclude Include="../include/Vertex.h">
      <Filter>Include</Filter>
    </ClInclude>
    <ClInclude Include="../include/VictoryScene.h">
      <Filter>Include</Filter>
    </ClInclude>
    <ClInclude Include="../include/Vox.h">
      <Filter>Include</Filter>
    </ClInclude>
    <ClInclude Include="../include/shader/VoxelComponent.h">
      <Filter>Include</Filter>
    </ClInclude>
    <ClInclude Include="../include/VoxelJoint.h">
      <Filter>Include</Filter>
    </ClInclude>
    <ClInclude Include="../include/VoxelMesh.h">
      <Filter>Include</Filter>
    </ClInclude>
    <ClInclude Include="../include/VoxMatrices.h">
      <Filter>Include</Filter>
    </ClInclude>
    <ClInclude Include="../include/VoxRenderOptions.h">
      <Filter>Include</Filter>
    </ClInclude>
    <ClInclude Include="../include/node/Node.h">
      <Filter>Include/Node</Filter>
    </ClInclude>
    <ClInclude Include="../include/node/NodeAnimatable.h">
      <Filter>Include/Node</Filter>
    </ClInclude>
    <ClInclude Include="../include/node/NodeBox2DBody.h">
      <Filter>Include/Node</Filter>
    </ClInclude>
    <ClInclude Include="../include/node/NodeChild.h">
      <Filter>Include/Node</Filter>
    </ClInclude>
    <ClInclude Include="../include/node/NodeHierarchical.h">
      <Filter>Include/Node</Filter>
    </ClInclude>
    <ClInclude Include="../include/node/NodeLoadable.h">
      <Filter>Include/Node</Filter>
    </ClInclude>
    <ClInclude Include="../include/node/NodeParent.h">
      <Filter>Include/Node</Filter>
    </ClInclude>
    <ClInclude Include="../include/node/NodeRenderable.h">
      <Filter>Include/Node</Filter>
    </ClInclude>
    <ClInclude Include="../include/node/NodeResource.h">
      <Filter>Include/Node</Filter>
    </ClInclude>
    <ClInclude Include="../include/node/NodeSelectable.h">
      <Filter>Include/Node</Filter>
    </ClInclude>
    <ClInclude Include="../include/node/NodeTransformable.h">
      <Filter>Include/Node</Filter>
    </ClInclude>
    <ClInclude Include="../include/node/NodeUpdatable.h">
      <Filter>Include/Node</Filter>
    </ClInclude>
    <ClInclude Include="../include/shader/SharedComponentShaderMethods.h">
      <Filter>Include</Filter>
    </ClInclude>
    <ClInclude Include="../include/shader/BaseComponentShader.h">
      <Filter>Include/Shader</Filter>
    </ClInclude>
    <ClInclude Include="../include/shader/GeometryComponent.h">
      <Filter>Include/Shader</Filter>
    </ClInclude>
    <ClInclude Include="../include/shader/ShaderComponent.h">
      <Filter>Include/Shader</Filter>
    </ClInclude>
    <ClInclude Include="../include/shader/ShaderComponentBlinn.h">
      <Filter>Include/Shader</Filter>
    </ClInclude>
    <ClInclude Include="../include/shader/ShaderComponentDiffuse.h">
      <Filter>Include/Shader</Filter>
    </ClInclude>
    <ClInclude Include="../include/shader/ShaderComponentPhong.h">
      <Filter>Include/Shader</Filter>
    </ClInclude>
    <ClInclude Include="../include/shader/ShaderComponentHsv.h">
      <Filter>Include/Shader</Filter>
    </ClInclude>
    <ClInclude Include="../include/shader/ShaderComponentShadow.h">
      <Filter>Include/Shader</Filter>
    </ClInclude>
    <ClInclude Include="../include/shader/ShaderComponentTexture.h">
      <Filter>Include/Shader</Filter>
    </ClInclude>
    <ClInclude Include="../include/shader/ShaderLoader.h">
      <Filter>Include/Shader</Filter>
    </ClInclude>
    <ClInclude Include="../include/shader/Shader.h">
      <Filter>Include/Shader</Filter>
    </ClInclude>
    <ClInclude Include="../include/shader/ShaderVariables.h">
      <Filter>Include/Shader</Filter>
    </ClInclude>
    <ClInclude Include="../include/shader/BlurShader.h">
      <Filter>Include/Shader</Filter>
    </ClInclude>
  </ItemGroup>
  <ItemGroup>
    <Filter Include="Include">
      <UniqueIdentifier>{c199c380-5e4d-4cc7-8ff1-5a02cdc150ed}</UniqueIdentifier>
    </Filter>
    <Filter Include="Source">
      <UniqueIdentifier>{ad9b3a8b-e3f7-4c17-9e15-b74a77bb2e34}</UniqueIdentifier>
    </Filter>
    <Filter Include="Include/Node">
      <UniqueIdentifier>{230d425b-f2d6-4697-b367-916c249cd011}</UniqueIdentifier>
    </Filter>
    <Filter Include="Source/Node">
      <UniqueIdentifier>{61cbb3da-8a7d-42fd-af86-19b364762994}</UniqueIdentifier>
    </Filter>
    <Filter Include="Source/Shader">
      <UniqueIdentifier>{64711ae7-2a41-4d6d-9527-4fa48377f2a0}</UniqueIdentifier>
    </Filter>
    <Filter Include="Include/Shader">
      <UniqueIdentifier>{bf7e80da-319e-430b-b018-e5bd32be1341}</UniqueIdentifier>
    </Filter>
  </ItemGroup>
</Project>