<?xml version="1.0" encoding="utf-8"?>
<Project ToolsVersion="4.0" xmlns="http://schemas.microsoft.com/developer/msbuild/2003">
  <ItemGroup>
    <Filter Include="Header Files">
      <UniqueIdentifier>{93995380-89BD-4b04-88EB-625FBE52EBFB}</UniqueIdentifier>
      <Extensions>h;hpp;hxx;hm;inl;inc;xsd</Extensions>
    </Filter>
    <Filter Include="Resource Files">
      <UniqueIdentifier>{67DA6AB6-F800-4c08-8B7A-83BB121AAD01}</UniqueIdentifier>
      <Extensions>rc;ico;cur;bmp;dlg;rc2;rct;bin;rgs;gif;jpg;jpeg;jpe;resx;tiff;tif;png;wav;mfcribbon-ms</Extensions>
    </Filter>
    <Filter Include="Resource Files\shaders">
      <UniqueIdentifier>{b08bc618-aa74-4407-b892-edbd4042eb90}</UniqueIdentifier>
    </Filter>
    <Filter Include="Header Files\utils">
      <UniqueIdentifier>{2059a7e1-2c8e-4b0e-b7c4-83d6e971753c}</UniqueIdentifier>
    </Filter>
    <Filter Include="Header Files\geo">
      <UniqueIdentifier>{4ba3dee6-0fa3-43ca-886d-f785d17c6859}</UniqueIdentifier>
    </Filter>
    <Filter Include="Header Files\TestGame">
      <UniqueIdentifier>{33658aa7-c89d-477b-80fe-5d5e950eed80}</UniqueIdentifier>
    </Filter>
    <Filter Include="Header Files\input">
      <UniqueIdentifier>{160824dc-2881-44c5-a369-19a38521d0c3}</UniqueIdentifier>
    </Filter>
    <Filter Include="Resource Files\textures">
      <UniqueIdentifier>{4830f7c0-e46d-4630-bae8-71e8b98e44da}</UniqueIdentifier>
    </Filter>
    <Filter Include="Header Files\shader">
      <UniqueIdentifier>{c9af958e-373b-48c9-a384-25589c5913ee}</UniqueIdentifier>
    </Filter>
    <Filter Include="Header Files\node">
      <UniqueIdentifier>{2d2e6eed-ba43-4e0f-a0b1-12678e9e7f27}</UniqueIdentifier>
    </Filter>
    <Filter Include="Resource Files\models">
      <UniqueIdentifier>{d2005005-2e01-4bfc-a1b6-a872aa155465}</UniqueIdentifier>
    </Filter>
    <Filter Include="Header Files\frameBuffers">
      <UniqueIdentifier>{51c605bb-ebd5-43eb-b1a8-9ed270b4c034}</UniqueIdentifier>
    </Filter>
    <Filter Include="Header Files\box2D">
      <UniqueIdentifier>{79ea79f8-eccc-448e-976a-91de925fb5f3}</UniqueIdentifier>
    </Filter>
    <Filter Include="Header Files\arduino">
      <UniqueIdentifier>{759c8fc0-0321-4e52-b957-f0e5b6990a9c}</UniqueIdentifier>
    </Filter>
    <Filter Include="Header Files\TestGame\GameJam">
      <UniqueIdentifier>{c964133c-c09b-42e0-b189-02ff94dc8c7f}</UniqueIdentifier>
    </Filter>
    <Filter Include="Header Files\TestGame\HurlyBurly">
      <UniqueIdentifier>{8b800f95-ac0e-43e8-82cc-bfb1780fa75c}</UniqueIdentifier>
    </Filter>
    <Filter Include="Source Files">
      <UniqueIdentifier>{4FC737F1-C7A5-4376-A066-2A32D752A2FF}</UniqueIdentifier>
      <Extensions>cpp;c;cc;cxx;def;odl;idl;hpj;bat;asm;asmx</Extensions>
    </Filter>
    <Filter Include="Source Files\utils">
      <UniqueIdentifier>{52d6d784-931d-49a9-b5fa-465d78bdc1a5}</UniqueIdentifier>
    </Filter>
    <Filter Include="Source Files\geo">
      <UniqueIdentifier>{60fe33d1-1791-4794-89f9-852f516a981f}</UniqueIdentifier>
    </Filter>
    <Filter Include="Source Files\TestGame">
      <UniqueIdentifier>{40908594-3aea-4682-ae22-ddaca988a7ad}</UniqueIdentifier>
    </Filter>
    <Filter Include="Source Files\TestGame\GameJam">
      <UniqueIdentifier>{4fb0706c-514d-40e9-bc7c-77db02609ee1}</UniqueIdentifier>
    </Filter>
    <Filter Include="Source Files\TestGame\HurlyBurly">
      <UniqueIdentifier>{5c656503-5f8d-4bdc-ac87-972961814dc2}</UniqueIdentifier>
    </Filter>
    <Filter Include="Source Files\input">
      <UniqueIdentifier>{92af4ccb-67a0-48ae-a3e0-b9785d71c2f2}</UniqueIdentifier>
    </Filter>
    <Filter Include="Source Files\shader">
      <UniqueIdentifier>{3d03607c-93ad-4402-85b9-e1059d116f57}</UniqueIdentifier>
    </Filter>
    <Filter Include="Source Files\node">
      <UniqueIdentifier>{455f384c-ecdc-47be-b682-29351bd11fc8}</UniqueIdentifier>
    </Filter>
    <Filter Include="Source Files\json">
      <UniqueIdentifier>{e24025d5-3e3a-4b69-93af-84579f5e3c3b}</UniqueIdentifier>
    </Filter>
    <Filter Include="Source Files\frameBuffers">
      <UniqueIdentifier>{be4432e3-fbcd-4fcf-9cda-f162af39506f}</UniqueIdentifier>
    </Filter>
    <Filter Include="Source Files\box2D">
      <UniqueIdentifier>{e6c7ee33-703c-436a-9c76-436ec8f003a8}</UniqueIdentifier>
    </Filter>
    <Filter Include="Source Files\arduino">
      <UniqueIdentifier>{d0fd3845-cefa-4329-b0e2-cd899eb8aaa7}</UniqueIdentifier>
    </Filter>
  </ItemGroup>
  <ItemGroup>
    <ClCompile Include="..\src\Cube.cpp">
      <Filter>Source Files\geo</Filter>
    </ClCompile>
    <ClCompile Include="..\src\FileUtils.cpp">
      <Filter>Source Files\utils</Filter>
    </ClCompile>
    <ClCompile Include="..\src\GLUtils.cpp">
      <Filter>Source Files\utils</Filter>
    </ClCompile>
    <ClCompile Include="..\src\Entity.cpp">
      <Filter>Source Files</Filter>
    </ClCompile>
    <ClCompile Include="..\src\Game.cpp">
      <Filter>Source Files</Filter>
    </ClCompile>
    <ClCompile Include="..\src\Main.cpp">
      <Filter>Source Files</Filter>
    </ClCompile>
    <ClCompile Include="..\src\Scene.cpp">
      <Filter>Source Files</Filter>
    </ClCompile>
    <ClCompile Include="..\src\TestGame.cpp">
      <Filter>Source Files\TestGame</Filter>
    </ClCompile>
    <ClCompile Include="..\src\Keyboard.cpp">
      <Filter>Source Files\input</Filter>
    </ClCompile>
    <ClCompile Include="..\src\Mouse.cpp">
      <Filter>Source Files\input</Filter>
    </ClCompile>
    <ClCompile Include="..\src\Camera.cpp">
      <Filter>Source Files</Filter>
    </ClCompile>
    <ClCompile Include="..\..\..\..\Shared Code\src\Transform.cpp">
      <Filter>Source Files</Filter>
    </ClCompile>
    <ClCompile Include="..\src\MeshInterface.cpp">
      <Filter>Source Files</Filter>
    </ClCompile>
    <ClCompile Include="..\src\Resource.cpp">
      <Filter>Source Files</Filter>
    </ClCompile>
    <ClCompile Include="..\src\Texture.cpp">
      <Filter>Source Files</Filter>
    </ClCompile>
    <ClCompile Include="..\src\Plane.cpp">
      <Filter>Source Files\geo</Filter>
    </ClCompile>
    <ClCompile Include="..\src\RenderSurface.cpp">
      <Filter>Source Files</Filter>
    </ClCompile>
    <ClCompile Include="..\src\FakeAnimation.cpp">
      <Filter>Source Files</Filter>
    </ClCompile>
    <ClCompile Include="..\src\VoxelMesh.cpp">
      <Filter>Source Files</Filter>
    </ClCompile>
    <ClCompile Include="..\..\..\..\Shared Code\src\Vox.cpp">
      <Filter>Source Files</Filter>
    </ClCompile>
    <ClCompile Include="..\..\..\..\Shared Code\src\MatrixStack.cpp">
      <Filter>Source Files</Filter>
    </ClCompile>
    <ClCompile Include="..\..\..\..\Shared Code\src\RenderOptions.cpp">
      <Filter>Source Files</Filter>
    </ClCompile>
    <ClCompile Include="..\..\..\..\Shared Code\src\Light.cpp">
      <Filter>Source Files</Filter>
    </ClCompile>
    <ClCompile Include="..\src\Material.cpp">
      <Filter>Source Files</Filter>
    </ClCompile>
    <ClCompile Include="..\..\..\..\Shared Code\src\Step.cpp">
      <Filter>Source Files</Filter>
    </ClCompile>
    <ClCompile Include="..\..\..\..\Shared Code\src\jsoncpp.cpp">
      <Filter>Source Files\json</Filter>
    </ClCompile>
    <ClCompile Include="..\src\System.cpp">
      <Filter>Source Files</Filter>
    </ClCompile>
    <ClCompile Include="..\..\..\..\Shared Code\src\FrameBufferChannel.cpp">
      <Filter>Source Files\frameBuffers</Filter>
    </ClCompile>
    <ClCompile Include="..\src\FrameBufferInterface.cpp">
      <Filter>Source Files\frameBuffers</Filter>
    </ClCompile>
    <ClCompile Include="..\src\DepthFrameBuffer.cpp">
      <Filter>Source Files\frameBuffers</Filter>
    </ClCompile>
    <ClCompile Include="..\src\StandardFrameBuffer.cpp">
      <Filter>Source Files\frameBuffers</Filter>
    </ClCompile>
    <ClCompile Include="..\src\MeshEntity.cpp">
      <Filter>Source Files</Filter>
    </ClCompile>
    <ClCompile Include="..\src\BaseScene.cpp">
      <Filter>Source Files\TestGame</Filter>
    </ClCompile>
    <ClCompile Include="..\src\PointLight.cpp">
      <Filter>Source Files</Filter>
    </ClCompile>
    <ClCompile Include="..\src\DirectionalLight.cpp">
      <Filter>Source Files</Filter>
    </ClCompile>
    <ClCompile Include="..\src\OrthographicCamera.cpp">
      <Filter>Source Files</Filter>
    </ClCompile>
    <ClCompile Include="..\src\VoxRenderOptions.cpp">
      <Filter>Source Files</Filter>
    </ClCompile>
    <ClCompile Include="..\src\shader\BaseComponentShader.cpp">
      <Filter>Source Files\shader</Filter>
    </ClCompile>
    <ClCompile Include="..\src\shader\BlinnShaderComponent.cpp">
      <Filter>Source Files\shader</Filter>
    </ClCompile>
    <ClCompile Include="..\src\shader\BlurShader.cpp">
      <Filter>Source Files\shader</Filter>
    </ClCompile>
    <ClCompile Include="..\src\shader\DepthMapShader.cpp">
      <Filter>Source Files\shader</Filter>
    </ClCompile>
    <ClCompile Include="..\src\shader\DiffuseShaderComponent.cpp">
      <Filter>Source Files\shader</Filter>
    </ClCompile>
    <ClCompile Include="..\src\shader\GeometryComponent.cpp">
      <Filter>Source Files\shader</Filter>
    </ClCompile>
    <ClCompile Include="..\src\shader\PhongShaderComponent.cpp">
      <Filter>Source Files\shader</Filter>
    </ClCompile>
    <ClCompile Include="..\src\shader\ShaderComponent.cpp">
      <Filter>Source Files\shader</Filter>
    </ClCompile>
    <ClCompile Include="..\src\shader\ShaderLoader.cpp">
      <Filter>Source Files\shader</Filter>
    </ClCompile>
    <ClCompile Include="..\src\shader\ShadowShaderComponent.cpp">
      <Filter>Source Files\shader</Filter>
    </ClCompile>
    <ClCompile Include="..\src\shader\SharedComponentShaderMethods.cpp">
      <Filter>Source Files\shader</Filter>
    </ClCompile>
    <ClCompile Include="..\src\shader\TextureShaderComponent.cpp">
      <Filter>Source Files\shader</Filter>
    </ClCompile>
    <ClCompile Include="..\src\shader\VoxelComponent.cpp">
      <Filter>Source Files\shader</Filter>
    </ClCompile>
    <ClCompile Include="..\src\VoxelJoint.cpp">
      <Filter>Source Files</Filter>
    </ClCompile>
    <ClCompile Include="..\src\shader\Shader.cpp">
      <Filter>Source Files\shader</Filter>
    </ClCompile>
    <ClCompile Include="..\..\..\..\Shared Code\src\node\Node.cpp">
      <Filter>Source Files\node</Filter>
    </ClCompile>
    <ClCompile Include="..\..\..\..\Shared Code\src\node\NodeAnimatable.cpp">
      <Filter>Source Files\node</Filter>
    </ClCompile>
    <ClCompile Include="..\..\..\..\Shared Code\src\node\NodeChild.cpp">
      <Filter>Source Files\node</Filter>
    </ClCompile>
    <ClCompile Include="..\..\..\..\Shared Code\src\node\NodeHierarchical.cpp">
      <Filter>Source Files\node</Filter>
    </ClCompile>
    <ClCompile Include="..\..\..\..\Shared Code\src\node\NodeLoadable.cpp">
      <Filter>Source Files\node</Filter>
    </ClCompile>
    <ClCompile Include="..\..\..\..\Shared Code\src\node\NodeParent.cpp">
      <Filter>Source Files\node</Filter>
    </ClCompile>
    <ClCompile Include="..\..\..\..\Shared Code\src\node\NodeRenderable.cpp">
      <Filter>Source Files\node</Filter>
    </ClCompile>
    <ClCompile Include="..\..\..\..\Shared Code\src\node\NodeResource.cpp">
      <Filter>Source Files\node</Filter>
    </ClCompile>
    <ClCompile Include="..\..\..\..\Shared Code\src\node\NodeSelectable.cpp">
      <Filter>Source Files\node</Filter>
    </ClCompile>
    <ClCompile Include="..\..\..\..\Shared Code\src\node\NodeUpdatable.cpp">
      <Filter>Source Files\node</Filter>
    </ClCompile>
    <ClCompile Include="..\..\..\..\Shared Code\src\node\ShiftKiddie.cpp">
      <Filter>Source Files\node</Filter>
    </ClCompile>
    <ClCompile Include="..\src\PerspectiveCamera.cpp">
      <Filter>Source Files</Filter>
    </ClCompile>
    <ClCompile Include="..\src\Sprite.cpp">
      <Filter>Source Files</Filter>
    </ClCompile>
    <ClCompile Include="..\src\Scene2D.cpp">
      <Filter>Source Files</Filter>
    </ClCompile>
    <ClCompile Include="..\src\TestScene2D.cpp">
      <Filter>Source Files\TestGame</Filter>
    </ClCompile>
    <ClCompile Include="..\src\SpriteSheet.cpp">
      <Filter>Source Files</Filter>
    </ClCompile>
    <ClCompile Include="..\src\Rectangle.cpp">
      <Filter>Source Files</Filter>
    </ClCompile>
    <ClCompile Include="..\src\Point.cpp">
      <Filter>Source Files</Filter>
    </ClCompile>
    <ClCompile Include="..\src\SpriteSheetAnimation.cpp">
      <Filter>Source Files</Filter>
    </ClCompile>
    <ClCompile Include="..\src\SpriteMesh.cpp">
      <Filter>Source Files</Filter>
    </ClCompile>
    <ClCompile Include="..\src\SoundManager.cpp">
      <Filter>Source Files</Filter>
    </ClCompile>
    <ClCompile Include="..\src\Sound.cpp">
      <Filter>Source Files</Filter>
    </ClCompile>
    <ClCompile Include="..\src\ControllableOrthographicCamera.cpp">
      <Filter>Source Files</Filter>
    </ClCompile>
    <ClCompile Include="..\src\Box2DDebugDraw.cpp">
      <Filter>Source Files\box2D</Filter>
    </ClCompile>
    <ClCompile Include="..\src\Box2DSprite.cpp">
      <Filter>Source Files\box2D</Filter>
    </ClCompile>
    <ClCompile Include="..\src\Box2DWorld.cpp">
      <Filter>Source Files\box2D</Filter>
    </ClCompile>
    <ClCompile Include="..\src\Arduino.cpp">
      <Filter>Source Files\arduino</Filter>
    </ClCompile>
    <ClCompile Include="..\src\Box2DMeshEntity.cpp">
      <Filter>Source Files\box2D</Filter>
    </ClCompile>
    <ClCompile Include="..\src\MeshFactory.cpp">
      <Filter>Source Files</Filter>
    </ClCompile>
    <ClCompile Include="..\src\MousePerspectiveCamera.cpp">
      <Filter>Source Files</Filter>
    </ClCompile>
    <ClCompile Include="..\src\node\NodeBox2DBody.cpp">
      <Filter>Source Files\node</Filter>
    </ClCompile>
    <ClCompile Include="..\src\GameJamScene.cpp">
      <Filter>Source Files\TestGame\GameJam</Filter>
    </ClCompile>
    <ClCompile Include="..\src\BitmapFont.cpp">
      <Filter>Source Files</Filter>
    </ClCompile>
    <ClCompile Include="..\src\CylinderScreen.cpp">
      <Filter>Source Files\TestGame</Filter>
    </ClCompile>
    <ClCompile Include="..\src\Character.cpp">
      <Filter>Source Files\TestGame\GameJam</Filter>
    </ClCompile>
    <ClCompile Include="..\src\TestCharacter.cpp">
      <Filter>Source Files\TestGame\GameJam</Filter>
    </ClCompile>
    <ClCompile Include="..\src\CharacterComponent.cpp">
      <Filter>Source Files\TestGame\GameJam</Filter>
    </ClCompile>
    <ClCompile Include="..\src\Character1.cpp">
      <Filter>Source Files\TestGame\GameJam</Filter>
    </ClCompile>
    <ClCompile Include="..\src\Character2.cpp">
      <Filter>Source Files\TestGame\GameJam</Filter>
    </ClCompile>
    <ClCompile Include="..\src\Character3.cpp">
      <Filter>Source Files\TestGame\GameJam</Filter>
    </ClCompile>
    <ClCompile Include="..\src\Character4.cpp">
      <Filter>Source Files\TestGame\GameJam</Filter>
    </ClCompile>
    <ClCompile Include="..\src\TextChunk.cpp">
      <Filter>Source Files\TestGame\GameJam</Filter>
    </ClCompile>
    <ClCompile Include="..\src\DialogEvent.cpp">
      <Filter>Source Files\TestGame\GameJam</Filter>
    </ClCompile>
    <ClCompile Include="..\src\DialogAction.cpp">
      <Filter>Source Files\TestGame\GameJam</Filter>
    </ClCompile>
    <ClCompile Include="..\src\SayAction.cpp">
      <Filter>Source Files\TestGame\GameJam</Filter>
    </ClCompile>
    <ClCompile Include="..\src\ListenAction.cpp">
      <Filter>Source Files\TestGame\GameJam</Filter>
    </ClCompile>
    <ClCompile Include="..\src\RandomCharacter.cpp">
      <Filter>Source Files\TestGame\GameJam</Filter>
    </ClCompile>
    <ClCompile Include="..\src\DialogHandler.cpp">
      <Filter>Source Files\TestGame\GameJam</Filter>
    </ClCompile>
    <ClCompile Include="..\src\GameJamContactListener.cpp">
      <Filter>Source Files\TestGame\GameJam</Filter>
    </ClCompile>
    <ClCompile Include="..\src\GameJamSceneOutdoor.cpp">
      <Filter>Source Files\TestGame\GameJam</Filter>
    </ClCompile>
    <ClCompile Include="..\src\GameJamSceneIndoor.cpp">
      <Filter>Source Files\TestGame\GameJam</Filter>
    </ClCompile>
    <ClCompile Include="..\src\PuppetTestScene.cpp">
      <Filter>Source Files\TestGame\HurlyBurly</Filter>
    </ClCompile>
    <ClCompile Include="..\src\PuppetScene.cpp">
      <Filter>Source Files\TestGame\HurlyBurly</Filter>
    </ClCompile>
    <ClCompile Include="..\src\PuppetCharacter.cpp">
      <Filter>Source Files\TestGame\HurlyBurly</Filter>
    </ClCompile>
    <ClCompile Include="..\src\GameJamCharacter.cpp">
      <Filter>Source Files\TestGame\GameJam</Filter>
    </ClCompile>
    <ClCompile Include="..\src\StringUtils.cpp">
      <Filter>Source Files\utils</Filter>
    </ClCompile>
    <ClCompile Include="..\src\PuppetController.cpp">
      <Filter>Source Files\TestGame\HurlyBurly</Filter>
    </ClCompile>
    <ClCompile Include="..\src\Accelerometer.cpp">
      <Filter>Source Files\TestGame\HurlyBurly</Filter>
    </ClCompile>
    <ClCompile Include="..\src\AccelerometerParser.cpp">
      <Filter>Source Files\TestGame\HurlyBurly</Filter>
    </ClCompile>
    <ClCompile Include="..\src\Catapult.cpp">
      <Filter>Source Files\TestGame\HurlyBurly</Filter>
    </ClCompile>
    <ClCompile Include="..\src\Structure.cpp">
      <Filter>Source Files\TestGame\HurlyBurly</Filter>
    </ClCompile>
  </ItemGroup>
  <ItemGroup>
    <ClInclude Include="..\include\Cube.h">
      <Filter>Header Files\geo</Filter>
    </ClInclude>
    <ClInclude Include="..\include\FileUtils.h">
      <Filter>Header Files\utils</Filter>
    </ClInclude>
    <ClInclude Include="..\include\GLUtils.h">
      <Filter>Header Files\utils</Filter>
    </ClInclude>
    <ClInclude Include="..\include\Entity.h">
      <Filter>Header Files</Filter>
    </ClInclude>
    <ClInclude Include="..\include\Game.h">
      <Filter>Header Files</Filter>
    </ClInclude>
    <ClInclude Include="..\include\Scene.h">
      <Filter>Header Files</Filter>
    </ClInclude>
    <ClInclude Include="..\include\TestGame.h">
      <Filter>Header Files\TestGame</Filter>
    </ClInclude>
    <ClInclude Include="..\include\Keyboard.h">
      <Filter>Header Files\input</Filter>
    </ClInclude>
    <ClInclude Include="..\include\Mouse.h">
      <Filter>Header Files\input</Filter>
    </ClInclude>
    <ClInclude Include="..\include\System.h">
      <Filter>Header Files</Filter>
    </ClInclude>
    <ClInclude Include="..\include\Dimension.h">
      <Filter>Header Files</Filter>
    </ClInclude>
    <ClInclude Include="..\include\Camera.h">
      <Filter>Header Files</Filter>
    </ClInclude>
    <ClInclude Include="..\include\Vertex.h">
      <Filter>Header Files</Filter>
    </ClInclude>
    <ClInclude Include="..\..\..\..\Shared Code\include\Transform.h">
      <Filter>Header Files</Filter>
    </ClInclude>
    <ClInclude Include="..\include\MeshInterface.h">
      <Filter>Header Files</Filter>
    </ClInclude>
    <ClInclude Include="..\include\Resource.h">
      <Filter>Header Files</Filter>
    </ClInclude>
    <ClInclude Include="..\include\Texture.h">
      <Filter>Header Files</Filter>
    </ClInclude>
    <ClInclude Include="..\include\Plane.h">
      <Filter>Header Files\geo</Filter>
    </ClInclude>
    <ClInclude Include="..\include\RenderSurface.h">
      <Filter>Header Files</Filter>
    </ClInclude>
    <ClInclude Include="..\include\FrameBufferVertex.h">
      <Filter>Header Files</Filter>
    </ClInclude>
    <ClInclude Include="..\include\FakeAnimation.h">
      <Filter>Header Files</Filter>
    </ClInclude>
    <ClInclude Include="..\include\VoxelMesh.h">
      <Filter>Header Files</Filter>
    </ClInclude>
    <ClInclude Include="..\..\..\..\Shared Code\include\Animation.h">
      <Filter>Header Files</Filter>
    </ClInclude>
    <ClInclude Include="..\..\..\..\Shared Code\include\Vox.h">
      <Filter>Header Files</Filter>
    </ClInclude>
    <ClInclude Include="..\..\..\..\Shared Code\include\MatrixStack.h">
      <Filter>Header Files</Filter>
    </ClInclude>
    <ClInclude Include="..\..\..\..\Shared Code\include\RenderOptions.h">
      <Filter>Header Files</Filter>
    </ClInclude>
    <ClInclude Include="..\..\..\..\Shared Code\include\Light.h">
      <Filter>Header Files</Filter>
    </ClInclude>
    <ClInclude Include="..\include\Material.h">
      <Filter>Header Files</Filter>
    </ClInclude>
    <ClInclude Include="..\..\..\..\Shared Code\include\Step.h">
      <Filter>Header Files</Filter>
    </ClInclude>
    <ClInclude Include="..\include\VoxelJoint.h">
      <Filter>Header Files</Filter>
    </ClInclude>
    <ClInclude Include="..\..\..\..\Shared Code\include\Tween.h">
      <Filter>Header Files</Filter>
    </ClInclude>
    <ClInclude Include="..\..\..\..\Shared Code\include\Easing.h">
      <Filter>Header Files</Filter>
    </ClInclude>
    <ClInclude Include="..\include\DepthFrameBuffer.h">
      <Filter>Header Files\frameBuffers</Filter>
    </ClInclude>
    <ClInclude Include="..\include\FrameBufferInterface.h">
      <Filter>Header Files\frameBuffers</Filter>
    </ClInclude>
    <ClInclude Include="..\..\..\..\Shared Code\include\FrameBufferChannel.h">
      <Filter>Header Files\frameBuffers</Filter>
    </ClInclude>
    <ClInclude Include="..\include\StandardFrameBuffer.h">
      <Filter>Header Files\frameBuffers</Filter>
    </ClInclude>
    <ClInclude Include="..\include\MeshEntity.h">
      <Filter>Header Files</Filter>
    </ClInclude>
    <ClInclude Include="..\include\BaseScene.h">
      <Filter>Header Files\TestGame</Filter>
    </ClInclude>
    <ClInclude Include="..\include\PointLight.h">
      <Filter>Header Files</Filter>
    </ClInclude>
    <ClInclude Include="..\include\DirectionalLight.h">
      <Filter>Header Files</Filter>
    </ClInclude>
    <ClInclude Include="..\include\PerspectiveCamera.h">
      <Filter>Header Files</Filter>
    </ClInclude>
    <ClInclude Include="..\include\OrthographicCamera.h">
      <Filter>Header Files</Filter>
    </ClInclude>
    <ClInclude Include="..\include\VoxRenderOptions.h">
      <Filter>Header Files</Filter>
    </ClInclude>
    <ClInclude Include="..\include\shader\BaseComponentShader.h">
      <Filter>Header Files\shader</Filter>
    </ClInclude>
    <ClInclude Include="..\include\shader\BlinnShaderComponent.h">
      <Filter>Header Files\shader</Filter>
    </ClInclude>
    <ClInclude Include="..\include\shader\BlurShader.h">
      <Filter>Header Files\shader</Filter>
    </ClInclude>
    <ClInclude Include="..\include\shader\DepthMapShader.h">
      <Filter>Header Files\shader</Filter>
    </ClInclude>
    <ClInclude Include="..\include\shader\DiffuseShaderComponent.h">
      <Filter>Header Files\shader</Filter>
    </ClInclude>
    <ClInclude Include="..\include\shader\GeometryComponent.h">
      <Filter>Header Files\shader</Filter>
    </ClInclude>
    <ClInclude Include="..\include\shader\PhongShaderComponent.h">
      <Filter>Header Files\shader</Filter>
    </ClInclude>
    <ClInclude Include="..\include\shader\ShaderComponent.h">
      <Filter>Header Files\shader</Filter>
    </ClInclude>
    <ClInclude Include="..\include\shader\ShaderLoader.h">
      <Filter>Header Files\shader</Filter>
    </ClInclude>
    <ClInclude Include="..\include\shader\ShaderVariables.h">
      <Filter>Header Files\shader</Filter>
    </ClInclude>
    <ClInclude Include="..\include\shader\ShadowShaderComponent.h">
      <Filter>Header Files\shader</Filter>
    </ClInclude>
    <ClInclude Include="..\include\shader\SharedComponentShaderMethods.h">
      <Filter>Header Files\shader</Filter>
    </ClInclude>
    <ClInclude Include="..\include\shader\TextureShaderComponent.h">
      <Filter>Header Files\shader</Filter>
    </ClInclude>
    <ClInclude Include="..\include\shader\VoxelComponent.h">
      <Filter>Header Files\shader</Filter>
    </ClInclude>
    <ClInclude Include="..\include\shader\Shader.h">
      <Filter>Header Files\shader</Filter>
    </ClInclude>
    <ClInclude Include="..\..\..\..\Shared Code\include\node\Node.h">
      <Filter>Header Files\node</Filter>
    </ClInclude>
    <ClInclude Include="..\..\..\..\Shared Code\include\node\NodeAnimatable.h">
      <Filter>Header Files\node</Filter>
    </ClInclude>
    <ClInclude Include="..\..\..\..\Shared Code\include\node\NodeChild.h">
      <Filter>Header Files\node</Filter>
    </ClInclude>
    <ClInclude Include="..\..\..\..\Shared Code\include\node\NodeHierarchical.h">
      <Filter>Header Files\node</Filter>
    </ClInclude>
    <ClInclude Include="..\..\..\..\Shared Code\include\node\NodeLoadable.h">
      <Filter>Header Files\node</Filter>
    </ClInclude>
    <ClInclude Include="..\..\..\..\Shared Code\include\node\NodeParent.h">
      <Filter>Header Files\node</Filter>
    </ClInclude>
    <ClInclude Include="..\..\..\..\Shared Code\include\node\NodeRenderable.h">
      <Filter>Header Files\node</Filter>
    </ClInclude>
    <ClInclude Include="..\..\..\..\Shared Code\include\node\NodeResource.h">
      <Filter>Header Files\node</Filter>
    </ClInclude>
    <ClInclude Include="..\..\..\..\Shared Code\include\node\NodeSelectable.h">
      <Filter>Header Files\node</Filter>
    </ClInclude>
    <ClInclude Include="..\..\..\..\Shared Code\include\node\NodeTransformable.h">
      <Filter>Header Files\node</Filter>
    </ClInclude>
    <ClInclude Include="..\..\..\..\Shared Code\include\node\NodeUpdatable.h">
      <Filter>Header Files\node</Filter>
    </ClInclude>
    <ClInclude Include="..\..\..\..\Shared Code\include\node\ShiftKiddie.h">
      <Filter>Header Files\node</Filter>
    </ClInclude>
    <ClInclude Include="..\include\Sprite.h">
      <Filter>Header Files</Filter>
    </ClInclude>
    <ClInclude Include="..\include\Scene2D.h">
      <Filter>Header Files</Filter>
    </ClInclude>
    <ClInclude Include="..\include\TestScene2D.h">
      <Filter>Header Files\TestGame</Filter>
    </ClInclude>
    <ClInclude Include="..\include\SpriteSheet.h">
      <Filter>Header Files</Filter>
    </ClInclude>
    <ClInclude Include="..\include\Rectangle.h">
      <Filter>Header Files</Filter>
    </ClInclude>
    <ClInclude Include="..\include\Point.h">
      <Filter>Header Files</Filter>
    </ClInclude>
    <ClInclude Include="..\include\SpriteSheetAnimation.h">
      <Filter>Header Files</Filter>
    </ClInclude>
    <ClInclude Include="..\include\SpriteMesh.h">
      <Filter>Header Files</Filter>
    </ClInclude>
    <ClInclude Include="..\include\SoundManager.h">
      <Filter>Header Files</Filter>
    </ClInclude>
    <ClInclude Include="..\include\Sound.h">
      <Filter>Header Files</Filter>
    </ClInclude>
    <ClInclude Include="..\include\ControllableOrthographicCamera.h">
      <Filter>Header Files</Filter>
    </ClInclude>
    <ClInclude Include="..\include\Box2DSprite.h">
      <Filter>Header Files\box2D</Filter>
    </ClInclude>
    <ClInclude Include="..\include\Box2DWorld.h">
      <Filter>Header Files\box2D</Filter>
    </ClInclude>
    <ClInclude Include="..\include\Box2DDebugDraw.h">
      <Filter>Header Files\box2D</Filter>
    </ClInclude>
    <ClInclude Include="..\include\Arduino.h">
      <Filter>Header Files\arduino</Filter>
    </ClInclude>
    <ClInclude Include="..\include\Box2DMeshEntity.h">
      <Filter>Header Files\box2D</Filter>
    </ClInclude>
    <ClInclude Include="..\include\MeshFactory.h">
      <Filter>Header Files</Filter>
    </ClInclude>
    <ClInclude Include="..\include\MousePerspectiveCamera.h">
      <Filter>Header Files</Filter>
    </ClInclude>
    <ClInclude Include="..\include\node\NodeBox2DBody.h">
      <Filter>Header Files\node</Filter>
    </ClInclude>
    <ClInclude Include="..\include\GameJamScene.h">
      <Filter>Header Files\TestGame\GameJam</Filter>
    </ClInclude>
    <ClInclude Include="..\include\BitmapFont.h">
      <Filter>Header Files</Filter>
    </ClInclude>
    <ClInclude Include="..\include\CylinderScreen.h">
      <Filter>Header Files\TestGame</Filter>
    </ClInclude>
    <ClInclude Include="..\include\Character.h">
      <Filter>Header Files\TestGame\GameJam</Filter>
    </ClInclude>
    <ClInclude Include="..\include\TestCharacter.h">
      <Filter>Header Files\TestGame\GameJam</Filter>
    </ClInclude>
    <ClInclude Include="..\include\CharacterComponent.h">
      <Filter>Header Files\TestGame\GameJam</Filter>
    </ClInclude>
    <ClInclude Include="..\include\Character1.h">
      <Filter>Header Files\TestGame\GameJam</Filter>
    </ClInclude>
    <ClInclude Include="..\include\Character2.h">
      <Filter>Header Files\TestGame\GameJam</Filter>
    </ClInclude>
    <ClInclude Include="..\include\Character3.h">
      <Filter>Header Files\TestGame\GameJam</Filter>
    </ClInclude>
    <ClInclude Include="..\include\Character4.h">
      <Filter>Header Files\TestGame\GameJam</Filter>
    </ClInclude>
    <ClInclude Include="..\include\TextChunk.h">
      <Filter>Header Files\TestGame\GameJam</Filter>
    </ClInclude>
    <ClInclude Include="..\include\DialogEvent.h">
      <Filter>Header Files\TestGame\GameJam</Filter>
    </ClInclude>
    <ClInclude Include="..\include\DialogAction.h">
      <Filter>Header Files\TestGame\GameJam</Filter>
    </ClInclude>
    <ClInclude Include="..\include\SayAction.h">
      <Filter>Header Files\TestGame\GameJam</Filter>
    </ClInclude>
    <ClInclude Include="..\include\ListenAction.h">
      <Filter>Header Files\TestGame\GameJam</Filter>
    </ClInclude>
    <ClInclude Include="..\include\RandomCharacter.h">
      <Filter>Header Files\TestGame\GameJam</Filter>
    </ClInclude>
    <ClInclude Include="..\include\DialogHandler.h">
      <Filter>Header Files\TestGame\GameJam</Filter>
    </ClInclude>
    <ClInclude Include="..\include\GameJamContactListener.h">
      <Filter>Header Files\TestGame\GameJam</Filter>
    </ClInclude>
    <ClInclude Include="..\include\GameJamSceneOutdoor.h">
      <Filter>Header Files\TestGame\GameJam</Filter>
    </ClInclude>
    <ClInclude Include="..\src\GameJamSceneIndoor.h">
      <Filter>Header Files\TestGame\GameJam</Filter>
    </ClInclude>
    <ClInclude Include="..\include\PuppetTestScene.h">
      <Filter>Header Files\TestGame\HurlyBurly</Filter>
    </ClInclude>
    <ClInclude Include="..\include\PuppetScene.h">
      <Filter>Header Files\TestGame\HurlyBurly</Filter>
    </ClInclude>
    <ClInclude Include="..\include\PuppetCharacter.h">
      <Filter>Header Files\TestGame\HurlyBurly</Filter>
    </ClInclude>
    <ClInclude Include="..\include\GameJamCharacter.h">
      <Filter>Header Files\TestGame\GameJam</Filter>
    </ClInclude>
    <ClInclude Include="..\include\StringUtils.h">
      <Filter>Header Files\utils</Filter>
    </ClInclude>
    <ClInclude Include="..\include\PuppetController.h">
      <Filter>Header Files\TestGame\HurlyBurly</Filter>
    </ClInclude>
    <ClInclude Include="..\include\Accelerometer.h">
      <Filter>Header Files\TestGame\HurlyBurly</Filter>
    </ClInclude>
    <ClInclude Include="..\include\AccelerometerParser.h">
      <Filter>Header Files\TestGame\HurlyBurly</Filter>
    </ClInclude>
    <ClInclude Include="..\include\Catapult.h">
      <Filter>Header Files\TestGame\HurlyBurly</Filter>
    </ClInclude>
    <ClInclude Include="..\include\Structure.h">
      <Filter>Header Files\TestGame\HurlyBurly</Filter>
    </ClInclude>
  </ItemGroup>
  <ItemGroup>
    <None Include="..\assets\junkdata.frag">
      <Filter>Resource Files\shaders</Filter>
    </None>
    <None Include="..\assets\junkdata.vert">
      <Filter>Resource Files\shaders</Filter>
    </None>
    <None Include="..\assets\ColourShader.frag">
      <Filter>Resource Files\shaders</Filter>
    </None>
    <None Include="..\assets\ColourShader.vert">
      <Filter>Resource Files\shaders</Filter>
    </None>
    <None Include="..\assets\diffuse.vert">
      <Filter>Resource Files\shaders</Filter>
    </None>
    <None Include="..\assets\diffuse.frag">
      <Filter>Resource Files\shaders</Filter>
    </None>
    <None Include="..\assets\voxel.geom">
      <Filter>Resource Files\shaders</Filter>
    </None>
    <None Include="..\assets\voxel.frag">
      <Filter>Resource Files\shaders</Filter>
    </None>
    <None Include="..\assets\voxel.vert">
      <Filter>Resource Files\shaders</Filter>
    </None>
    <None Include="..\assets\RenderSurface.vert">
      <Filter>Resource Files\shaders</Filter>
    </None>
    <None Include="..\assets\RenderSurface.frag">
      <Filter>Resource Files\shaders</Filter>
    </None>
    <None Include="..\assets\phong.frag">
      <Filter>Resource Files\shaders</Filter>
    </None>
    <None Include="..\assets\phong.vert">
      <Filter>Resource Files\shaders</Filter>
    </None>
    <None Include="..\assets\DepthMapShader.vert">
      <Filter>Resource Files\shaders</Filter>
    </None>
    <None Include="..\assets\DepthMapShader.frag">
      <Filter>Resource Files\shaders</Filter>
    </None>
    <None Include="..\assets\shadow.frag">
      <Filter>Resource Files\shaders</Filter>
    </None>
    <None Include="..\assets\shadow.vert">
      <Filter>Resource Files\shaders</Filter>
    </None>
    <None Include="..\assets\blinn.frag">
      <Filter>Resource Files\shaders</Filter>
    </None>
    <None Include="..\assets\blinn.vert">
      <Filter>Resource Files\shaders</Filter>
    </None>
    <None Include="..\assets\testJson2.json">
      <Filter>Resource Files\models</Filter>
    </None>
    <None Include="..\..\..\..\..\..\..\dev\ttt.json">
      <Filter>Resource Files</Filter>
    </None>
    <None Include="..\assets\layer.vox">
      <Filter>Resource Files\models</Filter>
    </None>
  </ItemGroup>
  <ItemGroup>
    <Image Include="..\assets\voxel-texture.png">
      <Filter>Resource Files\shaders</Filter>
    </Image>
    <Image Include="..\assets\uv-test.jpg">
      <Filter>Resource Files\textures</Filter>
    </Image>
  </ItemGroup>
</Project>