<?xml version="1.0" encoding="utf-8"?>
<Project ToolsVersion="4.0" xmlns="http://schemas.microsoft.com/developer/msbuild/2003">
  <ItemGroup>
    <Filter Include="Source Files">
      <UniqueIdentifier>{4FC737F1-C7A5-4376-A066-2A32D752A2FF}</UniqueIdentifier>
      <Extensions>cpp;c;cc;cxx;def;odl;idl;hpj;bat;asm;asmx</Extensions>
    </Filter>
    <Filter Include="Header Files">
      <UniqueIdentifier>{93995380-89BD-4b04-88EB-625FBE52EBFB}</UniqueIdentifier>
      <Extensions>h;hpp;hxx;hm;inl;inc;xsd</Extensions>
    </Filter>
    <Filter Include="Resource Files">
      <UniqueIdentifier>{67DA6AB6-F800-4c08-8B7A-83BB121AAD01}</UniqueIdentifier>
      <Extensions>rc;ico;cur;bmp;dlg;rc2;rct;bin;rgs;gif;jpg;jpeg;jpe;resx;tiff;tif;png;wav;mfcribbon-ms</Extensions>
    </Filter>
    <Filter Include="Header Files\Commands">
      <UniqueIdentifier>{d437068b-080c-492f-8a1c-f0bcdae019ae}</UniqueIdentifier>
    </Filter>
    <Filter Include="Source Files\Commands">
      <UniqueIdentifier>{d1624141-f8da-4b9f-a13e-cfe63e98d3e0}</UniqueIdentifier>
    </Filter>
    <Filter Include="Header Files\Nodes">
      <UniqueIdentifier>{48072ea7-1601-41e0-9641-c35b2e9afbe3}</UniqueIdentifier>
    </Filter>
    <Filter Include="Source Files\Nodes">
      <UniqueIdentifier>{e66e9d6e-2a2b-4863-af6f-369618cc4c41}</UniqueIdentifier>
    </Filter>
  </ItemGroup>
  <ItemGroup>
    <ClCompile Include="..\src\CinderApp.cpp">
      <Filter>Source Files</Filter>
    </ClCompile>
    <ClCompile Include="..\..\..\..\Shared Code\src\Joint.cpp">
      <Filter>Source Files</Filter>
    </ClCompile>
    <ClCompile Include="..\..\..\..\Shared Code\src\SkeletonData.cpp">
      <Filter>Source Files</Filter>
    </ClCompile>
    <ClCompile Include="..\src\UI.cpp">
      <Filter>Source Files</Filter>
    </ClCompile>
    <ClCompile Include="..\..\..\..\Shared Code\src\Voxel.cpp">
      <Filter>Source Files</Filter>
    </ClCompile>
    <ClCompile Include="..\src\CinderRenderOptions.cpp">
      <Filter>Source Files</Filter>
    </ClCompile>
    <ClCompile Include="..\src\Toolbar.cpp">
      <Filter>Source Files</Filter>
    </ClCompile>
    <ClCompile Include="..\src\ToolSet.cpp">
      <Filter>Source Files</Filter>
    </ClCompile>
    <ClCompile Include="..\src\ToolButton.cpp">
      <Filter>Source Files</Filter>
    </ClCompile>
    <ClCompile Include="..\..\..\..\Shared Code\src\SceneRoot.cpp">
      <Filter>Source Files</Filter>
    </ClCompile>
    <ClCompile Include="..\src\ParamTextBox.cpp">
      <Filter>Source Files</Filter>
    </ClCompile>
    <ClCompile Include="..\include\UiInteractable.cpp">
      <Filter>Source Files</Filter>
    </ClCompile>
    <ClCompile Include="..\src\ConsoleGUI.cpp">
      <Filter>Source Files</Filter>
    </ClCompile>
    <ClCompile Include="..\src\ConsoleEntry.cpp">
      <Filter>Source Files</Filter>
    </ClCompile>
    <ClCompile Include="..\src\TrackBar.cpp">
      <Filter>Source Files</Filter>
    </ClCompile>
    <ClCompile Include="..\..\..\..\Shared Code\src\node\Node.cpp">
      <Filter>Source Files\Nodes</Filter>
    </ClCompile>
    <ClCompile Include="..\..\..\..\Shared Code\src\node\NodeAnimatable.cpp">
      <Filter>Source Files\Nodes</Filter>
    </ClCompile>
    <ClCompile Include="..\..\..\..\Shared Code\src\node\NodeChild.cpp">
      <Filter>Source Files\Nodes</Filter>
    </ClCompile>
    <ClCompile Include="..\..\..\..\Shared Code\src\node\NodeHierarchical.cpp">
      <Filter>Source Files\Nodes</Filter>
    </ClCompile>
    <ClCompile Include="..\..\..\..\Shared Code\src\node\NodeLoadable.cpp">
      <Filter>Source Files\Nodes</Filter>
    </ClCompile>
    <ClCompile Include="..\..\..\..\Shared Code\src\node\NodeParent.cpp">
      <Filter>Source Files\Nodes</Filter>
    </ClCompile>
    <ClCompile Include="..\..\..\..\Shared Code\src\node\NodeRenderable.cpp">
      <Filter>Source Files\Nodes</Filter>
    </ClCompile>
    <ClCompile Include="..\..\..\..\Shared Code\src\node\NodeResource.cpp">
      <Filter>Source Files\Nodes</Filter>
    </ClCompile>
    <ClCompile Include="..\..\..\..\Shared Code\src\node\NodeSelectable.cpp">
      <Filter>Source Files\Nodes</Filter>
    </ClCompile>
    <ClCompile Include="..\..\..\..\Shared Code\src\node\NodeUpdatable.cpp">
      <Filter>Source Files\Nodes</Filter>
    </ClCompile>
    <ClCompile Include="..\..\..\..\Shared Code\src\node\ShiftKiddie.cpp">
      <Filter>Source Files\Nodes</Filter>
    </ClCompile>
    <ClCompile Include="..\..\..\..\Shared Code\src\Light.cpp">
      <Filter>Source Files</Filter>
    </ClCompile>
    <ClCompile Include="..\..\..\..\Shared Code\src\MatrixStack.cpp">
      <Filter>Source Files</Filter>
    </ClCompile>
    <ClCompile Include="..\..\..\..\Shared Code\src\RenderOptions.cpp">
      <Filter>Source Files</Filter>
    </ClCompile>
    <ClCompile Include="..\..\..\..\Shared Code\src\Step.cpp">
      <Filter>Source Files</Filter>
    </ClCompile>
    <ClCompile Include="..\..\..\..\Shared Code\src\Transform.cpp">
      <Filter>Source Files</Filter>
    </ClCompile>
    <ClCompile Include="..\..\..\..\Shared Code\src\VoxMatrices.cpp">
      <Filter>Source Files</Filter>
    </ClCompile>
    <ClCompile Include="..\src\Commands\CMD_ClearAllProperties.cpp">
      <Filter>Source Files\Commands</Filter>
    </ClCompile>
    <ClCompile Include="..\src\Commands\CMD_CreateJoint.cpp">
      <Filter>Source Files\Commands</Filter>
    </ClCompile>
    <ClCompile Include="..\src\Commands\CMD_DeleteJoint.cpp">
      <Filter>Source Files\Commands</Filter>
    </ClCompile>
    <ClCompile Include="..\src\Commands\CMD_DeleteJoints.cpp">
      <Filter>Source Files\Commands</Filter>
    </ClCompile>
    <ClCompile Include="..\src\Commands\CMD_DeleteVoxel.cpp">
      <Filter>Source Files\Commands</Filter>
    </ClCompile>
    <ClCompile Include="..\src\Commands\CMD_KeyAllProperties.cpp">
      <Filter>Source Files\Commands</Filter>
    </ClCompile>
    <ClCompile Include="..\src\Commands\CMD_Parent.cpp">
      <Filter>Source Files\Commands</Filter>
    </ClCompile>
    <ClCompile Include="..\src\Commands\CMD_ParentSelectedNodes.cpp">
      <Filter>Source Files\Commands</Filter>
    </ClCompile>
    <ClCompile Include="..\src\Commands\CMD_PlaceVoxel.cpp">
      <Filter>Source Files\Commands</Filter>
    </ClCompile>
    <ClCompile Include="..\src\Commands\CMD_RotateSelectedTransformables.cpp">
      <Filter>Source Files\Commands</Filter>
    </ClCompile>
    <ClCompile Include="..\src\Commands\CMD_RotateTransformable.cpp">
      <Filter>Source Files\Commands</Filter>
    </ClCompile>
    <ClCompile Include="..\src\Commands\CMD_ScaleSelectedTransformables.cpp">
      <Filter>Source Files\Commands</Filter>
    </ClCompile>
    <ClCompile Include="..\src\Commands\CMD_ScaleTransformable.cpp">
      <Filter>Source Files\Commands</Filter>
    </ClCompile>
    <ClCompile Include="..\src\Commands\CMD_SelectNodes.cpp">
      <Filter>Source Files\Commands</Filter>
    </ClCompile>
    <ClCompile Include="..\src\Commands\CMD_SetTime.cpp">
      <Filter>Source Files\Commands</Filter>
    </ClCompile>
    <ClCompile Include="..\src\Commands\CMD_TranslateSelectedTransformables.cpp">
      <Filter>Source Files\Commands</Filter>
    </ClCompile>
    <ClCompile Include="..\src\Commands\CMD_TranslateTransformable.cpp">
      <Filter>Source Files\Commands</Filter>
    </ClCompile>
    <ClCompile Include="..\src\Commands\CMD_UpdateTrackbar.cpp">
      <Filter>Source Files\Commands</Filter>
    </ClCompile>
    <ClCompile Include="..\src\Commands\CompressedCommand.cpp">
      <Filter>Source Files\Commands</Filter>
    </ClCompile>
    <ClCompile Include="..\..\..\..\Shared Code\src\Command.cpp">
      <Filter>Source Files\Commands</Filter>
    </ClCompile>
    <ClCompile Include="..\..\..\..\Shared Code\src\CommandProcessor.cpp">
      <Filter>Source Files\Commands</Filter>
    </ClCompile>
  </ItemGroup>
  <ItemGroup>
    <None Include="..\assets\shaders\joint.frag">
      <Filter>Resource Files</Filter>
    </None>
    <None Include="..\assets\shaders\joint.vert">
      <Filter>Resource Files</Filter>
    </None>
    <None Include="..\assets\shaders\ui.vert">
      <Filter>Resource Files</Filter>
    </None>
    <None Include="..\assets\shaders\ui.frag">
      <Filter>Resource Files</Filter>
    </None>
  </ItemGroup>
  <ItemGroup>
    <ClInclude Include="..\..\..\..\Shared Code\include\Joint.h">
      <Filter>Header Files</Filter>
    </ClInclude>
    <ClInclude Include="..\..\..\..\Shared Code\include\SkeletonData.h">
      <Filter>Header Files</Filter>
    </ClInclude>
    <ClInclude Include="..\include\CinderApp.h">
      <Filter>Header Files</Filter>
    </ClInclude>
    <ClInclude Include="..\include\UI.h">
      <Filter>Header Files</Filter>
    </ClInclude>
    <ClInclude Include="..\..\..\..\Shared Code\include\Voxel.h">
      <Filter>Header Files</Filter>
    </ClInclude>
    <ClInclude Include="..\..\..\..\Shared Code\include\RenderOptions.h">
      <Filter>Header Files</Filter>
    </ClInclude>
    <ClInclude Include="..\include\Toolbar.h">
      <Filter>Header Files</Filter>
    </ClInclude>
    <ClInclude Include="..\include\ToolSet.h">
      <Filter>Header Files</Filter>
    </ClInclude>
    <ClInclude Include="..\include\ToolButton.h">
      <Filter>Header Files</Filter>
    </ClInclude>
    <ClInclude Include="..\include\CinderRenderOptions.h">
      <Filter>Header Files</Filter>
    </ClInclude>
    <ClInclude Include="..\include\ButtonFunctions.hpp">
      <Filter>Header Files</Filter>
    </ClInclude>
    <ClInclude Include="..\..\..\..\Shared Code\include\SceneRoot.h">
      <Filter>Header Files</Filter>
    </ClInclude>
    <ClInclude Include="..\include\ParamTextBox.h">
      <Filter>Header Files</Filter>
    </ClInclude>
    <ClInclude Include="..\include\UiInteractable.h">
      <Filter>Header Files</Filter>
    </ClInclude>
    <ClInclude Include="..\include\ConsoleGUI.h">
      <Filter>Header Files</Filter>
    </ClInclude>
    <ClInclude Include="..\include\ConsoleEntry.h">
      <Filter>Header Files</Filter>
    </ClInclude>
    <ClInclude Include="..\include\CompressedCommand.h">
      <Filter>Header Files</Filter>
    </ClInclude>
    <ClInclude Include="..\include\TrackBar.h">
      <Filter>Header Files</Filter>
    </ClInclude>
    <ClInclude Include="..\include\CompressedCommand.h">
      <Filter>Header Files</Filter>
    </ClInclude>
    <ClInclude Include="..\include\CompressedCommand.h">
      <Filter>Header Files</Filter>
    </ClInclude>
    <ClInclude Include="..\include\CompressedCommand.h">
      <Filter>Header Files</Filter>
    </ClInclude>
    <ClInclude Include="..\include\CompressedCommand.h">
      <Filter>Header Files</Filter>
    </ClInclude>
    <ClInclude Include="..\include\CompressedCommand.h">
      <Filter>Header Files</Filter>
    </ClInclude>
    <ClInclude Include="..\include\CompressedCommand.h">
      <Filter>Header Files</Filter>
    </ClInclude>
    <ClInclude Include="..\include\CompressedCommand.h">
      <Filter>Header Files</Filter>
    </ClInclude>
    <ClInclude Include="..\include\CompressedCommand.h">
      <Filter>Header Files</Filter>
    </ClInclude>
    <ClInclude Include="..\..\..\..\Shared Code\include\node\Node.h">
      <Filter>Header Files\Nodes</Filter>
    </ClInclude>
    <ClInclude Include="..\..\..\..\Shared Code\include\node\NodeAnimatable.h">
      <Filter>Header Files\Nodes</Filter>
    </ClInclude>
    <ClInclude Include="..\..\..\..\Shared Code\include\node\NodeChild.h">
      <Filter>Header Files\Nodes</Filter>
    </ClInclude>
    <ClInclude Include="..\..\..\..\Shared Code\include\node\NodeHierarchical.h">
      <Filter>Header Files\Nodes</Filter>
    </ClInclude>
    <ClInclude Include="..\..\..\..\Shared Code\include\node\NodeLoadable.h">
      <Filter>Header Files\Nodes</Filter>
    </ClInclude>
    <ClInclude Include="..\..\..\..\Shared Code\include\node\NodeParent.h">
      <Filter>Header Files\Nodes</Filter>
    </ClInclude>
    <ClInclude Include="..\..\..\..\Shared Code\include\node\NodeRenderable.h">
      <Filter>Header Files\Nodes</Filter>
    </ClInclude>
    <ClInclude Include="..\..\..\..\Shared Code\include\node\NodeResource.h">
      <Filter>Header Files\Nodes</Filter>
    </ClInclude>
    <ClInclude Include="..\..\..\..\Shared Code\include\node\NodeSelectable.h">
      <Filter>Header Files\Nodes</Filter>
    </ClInclude>
    <ClInclude Include="..\..\..\..\Shared Code\include\node\NodeTransformable.h">
      <Filter>Header Files\Nodes</Filter>
    </ClInclude>
    <ClInclude Include="..\..\..\..\Shared Code\include\node\NodeUpdatable.h">
      <Filter>Header Files\Nodes</Filter>
    </ClInclude>
    <ClInclude Include="..\..\..\..\Shared Code\include\node\ShiftKiddie.h">
      <Filter>Header Files\Nodes</Filter>
    </ClInclude>
    <ClInclude Include="..\..\..\..\Shared Code\include\Animation.h">
      <Filter>Header Files</Filter>
    </ClInclude>
    <ClInclude Include="..\..\..\..\Shared Code\include\Easing.h">
      <Filter>Header Files</Filter>
    </ClInclude>
    <ClInclude Include="..\..\..\..\Shared Code\include\Light.h">
      <Filter>Header Files</Filter>
    </ClInclude>
    <ClInclude Include="..\..\..\..\Shared Code\include\MatrixStack.h">
      <Filter>Header Files</Filter>
    </ClInclude>
    <ClInclude Include="..\..\..\..\Shared Code\include\Step.h">
      <Filter>Header Files</Filter>
    </ClInclude>
    <ClInclude Include="..\..\..\..\Shared Code\include\Transform.h">
      <Filter>Header Files</Filter>
    </ClInclude>
    <ClInclude Include="..\..\..\..\Shared Code\include\Tween.h">
      <Filter>Header Files</Filter>
    </ClInclude>
    <ClInclude Include="..\..\..\..\Shared Code\include\Vox.h">
      <Filter>Header Files</Filter>
    </ClInclude>
    <ClInclude Include="..\..\..\..\Shared Code\include\VoxMatrices.h">
      <Filter>Header Files</Filter>
    </ClInclude>
    <ClInclude Include="..\..\..\..\Shared Code\include\Command.h">
      <Filter>Header Files\Commands</Filter>
    </ClInclude>
    <ClInclude Include="..\..\..\..\Shared Code\include\CommandProcessor.h">
      <Filter>Header Files\Commands</Filter>
    </ClInclude>
    <ClInclude Include="..\include\Commands\CMD_AddTween.h">
      <Filter>Header Files\Commands</Filter>
    </ClInclude>
    <ClInclude Include="..\include\Commands\CMD_AddTweenAfter.h">
      <Filter>Header Files\Commands</Filter>
    </ClInclude>
    <ClInclude Include="..\include\Commands\CMD_AddTweenBefore.h">
      <Filter>Header Files\Commands</Filter>
    </ClInclude>
    <ClInclude Include="..\include\Commands\CMD_AddTweenInside.h">
      <Filter>Header Files\Commands</Filter>
    </ClInclude>
    <ClInclude Include="..\include\Commands\CMD_ClearAllProperties.h">
      <Filter>Header Files\Commands</Filter>
    </ClInclude>
    <ClInclude Include="..\include\Commands\CMD_ClearProperty.h">
      <Filter>Header Files\Commands</Filter>
    </ClInclude>
    <ClInclude Include="..\include\Commands\CMD_ClearStartKey.h">
      <Filter>Header Files\Commands</Filter>
    </ClInclude>
    <ClInclude Include="..\include\Commands\CMD_CreateJoint.h">
      <Filter>Header Files\Commands</Filter>
    </ClInclude>
    <ClInclude Include="..\include\Commands\CMD_DeleteJoint.h">
      <Filter>Header Files\Commands</Filter>
    </ClInclude>
    <ClInclude Include="..\include\Commands\CMD_DeleteJoints.h">
      <Filter>Header Files\Commands</Filter>
    </ClInclude>
    <ClInclude Include="..\include\Commands\CMD_DeleteVoxel.h">
      <Filter>Header Files\Commands</Filter>
    </ClInclude>
    <ClInclude Include="..\include\Commands\CMD_EditStartKey.h">
      <Filter>Header Files\Commands</Filter>
    </ClInclude>
    <ClInclude Include="..\include\Commands\CMD_EditTween.h">
      <Filter>Header Files\Commands</Filter>
    </ClInclude>
    <ClInclude Include="..\include\Commands\CMD_KeyAllProperties.h">
      <Filter>Header Files\Commands</Filter>
    </ClInclude>
    <ClInclude Include="..\include\Commands\CMD_KeyProperty.h">
      <Filter>Header Files\Commands</Filter>
    </ClInclude>
    <ClInclude Include="..\include\Commands\CMD_Parent.h">
      <Filter>Header Files\Commands</Filter>
    </ClInclude>
    <ClInclude Include="..\include\Commands\CMD_ParentSelectedNodes.h">
      <Filter>Header Files\Commands</Filter>
    </ClInclude>
    <ClInclude Include="..\include\Commands\CMD_PlaceVoxel.h">
      <Filter>Header Files\Commands</Filter>
    </ClInclude>
    <ClInclude Include="..\include\Commands\CMD_RemoveFirstTween.h">
      <Filter>Header Files\Commands</Filter>
    </ClInclude>
    <ClInclude Include="..\include\Commands\CMD_RemoveInnerTween.h">
      <Filter>Header Files\Commands</Filter>
    </ClInclude>
    <ClInclude Include="..\include\Commands\CMD_RemoveLastTween.h">
      <Filter>Header Files\Commands</Filter>
    </ClInclude>
    <ClInclude Include="..\include\Commands\CMD_RotateSelectedTransformables.h">
      <Filter>Header Files\Commands</Filter>
    </ClInclude>
    <ClInclude Include="..\include\Commands\CMD_RotateTransformable.h">
      <Filter>Header Files\Commands</Filter>
    </ClInclude>
    <ClInclude Include="..\include\Commands\CMD_ScaleSelectedTransformables.h">
      <Filter>Header Files\Commands</Filter>
    </ClInclude>
    <ClInclude Include="..\include\Commands\CMD_ScaleTransformable.h">
      <Filter>Header Files\Commands</Filter>
    </ClInclude>
    <ClInclude Include="..\include\Commands\CMD_SelectNodes.h">
      <Filter>Header Files\Commands</Filter>
    </ClInclude>
    <ClInclude Include="..\include\Commands\CMD_SetTime.h">
      <Filter>Header Files\Commands</Filter>
    </ClInclude>
    <ClInclude Include="..\include\Commands\CMD_TranslateSelectedTransformables.h">
      <Filter>Header Files\Commands</Filter>
    </ClInclude>
    <ClInclude Include="..\include\Commands\CMD_TranslateTransformable.h">
      <Filter>Header Files\Commands</Filter>
    </ClInclude>
    <ClInclude Include="..\include\Commands\CMD_UpdateTrackbar.h">
      <Filter>Header Files\Commands</Filter>
    </ClInclude>
    <ClInclude Include="..\include\Commands\CompressedCommand.h">
      <Filter>Header Files\Commands</Filter>
    </ClInclude>
  </ItemGroup>
</Project>