
Microsoft Visual Studio Solution File, Format Version 12.00
# Visual Studio 2012
Project("{2150E333-8FDC-42A3-9474-1A3956D46DE8}") = "Solution Items", "Solution Items", "{A445FC11-3045-4268-B44D-959EDDFB3B94}"
	ProjectSection(SolutionItems) = preProject
		voxSettings.props = voxSettings.props
	EndProjectSection
EndProject
Project("{8BC9CEB8-8B4A-11D0-8D11-00A0C91BC942}") = "vox - 2013", "vox\VC Project\vox - 2013.vcxproj", "{B6AFC105-EAF0-41B3-BD41-75D4570CD35A}"
EndProject
Project("{8BC9CEB8-8B4A-11D0-8D11-00A0C91BC942}") = "vox - 2012", "vox\VC Project\vox - 2012.vcxproj", "{96FE28A2-BB06-4424-ADED-0DEDAEAF84B5}"
EndProject
Global
	GlobalSection(SolutionConfigurationPlatforms) = preSolution
		Debug|Win32 = Debug|Win32
		Release|Win32 = Release|Win32
	EndGlobalSection
	GlobalSection(ProjectConfigurationPlatforms) = postSolution
		{B6AFC105-EAF0-41B3-BD41-75D4570CD35A}.Debug|Win32.ActiveCfg = Debug|Win32
		{B6AFC105-EAF0-41B3-BD41-75D4570CD35A}.Debug|Win32.Build.0 = Debug|Win32
		{B6AFC105-EAF0-41B3-BD41-75D4570CD35A}.Release|Win32.ActiveCfg = Release|Win32
		{B6AFC105-EAF0-41B3-BD41-75D4570CD35A}.Release|Win32.Build.0 = Release|Win32
		{96FE28A2-BB06-4424-ADED-0DEDAEAF84B5}.Debug|Win32.ActiveCfg = Debug|Win32
		{96FE28A2-BB06-4424-ADED-0DEDAEAF84B5}.Debug|Win32.Build.0 = Debug|Win32
		{96FE28A2-BB06-4424-ADED-0DEDAEAF84B5}.Release|Win32.ActiveCfg = Release|Win32
		{96FE28A2-BB06-4424-ADED-0DEDAEAF84B5}.Release|Win32.Build.0 = Release|Win32
	EndGlobalSection
	GlobalSection(SolutionProperties) = preSolution
		HideSolutionNode = FALSE
	EndGlobalSection
	GlobalSection(NestedProjects) = preSolution
		{96FE28A2-BB06-4424-ADED-0DEDAEAF84B5} = {A445FC11-3045-4268-B44D-959EDDFB3B94}
	EndGlobalSection
EndGlobal
