
Microsoft Visual Studio Solution File, Format Version 12.00
# Visual Studio 2013
VisualStudioVersion = 12.0.30501.0
MinimumVisualStudioVersion = 10.0.40219.1
Project("{2150E333-8FDC-42A3-9474-1A3956D46DE8}") = "Solution Items", "Solution Items", "{A445FC11-3045-4268-B44D-959EDDFB3B94}"
	ProjectSection(SolutionItems) = preProject
		voxSettings.props = voxSettings.props
	EndProjectSection
EndProject
Project("{8BC9CEB8-8B4A-11D0-8D11-00A0C91BC942}") = "vox - 2012", "vox\VC Project\vox - 2012.vcxproj", "{B6AFC105-EAF0-41B3-BD41-75D4570CD35A}"
EndProject
Project("{8BC9CEB8-8B4A-11D0-8D11-00A0C91BC942}") = "vox - 2013", "vox\VC Project\vox - 2013.vcxproj", "{E178CAF8-5E96-478C-812C-DCBA942FC878}"
EndProject
Project("{2150E333-8FDC-42A3-9474-1A3956D46DE8}") = "Header", "Header", "{DC575FAA-5E2A-4DD9-8A26-D640BDD8BF7D}"
	ProjectSection(SolutionItems) = preProject
		vox\include\Accelerometer.h = vox\include\Accelerometer.h
		vox\include\AccelerometerParser.h = vox\include\AccelerometerParser.h
		vox\include\Animation.h = vox\include\Animation.h
		vox\include\Arduino.h = vox\include\Arduino.h
		vox\include\BaseScene.h = vox\include\BaseScene.h
		vox\include\BitmapFont.h = vox\include\BitmapFont.h
		vox\include\Box2DDebugDraw.h = vox\include\Box2DDebugDraw.h
		vox\include\Box2DJoint.h = vox\include\Box2DJoint.h
		vox\include\Box2DMeshEntity.h = vox\include\Box2DMeshEntity.h
		vox\include\Box2DSprite.h = vox\include\Box2DSprite.h
		vox\include\Box2DWorld.h = vox\include\Box2DWorld.h
		vox\include\Camera.h = vox\include\Camera.h
		vox\include\Catapult.h = vox\include\Catapult.h
		vox\include\Character.h = vox\include\Character.h
		vox\include\Character1.h = vox\include\Character1.h
		vox\include\Character2.h = vox\include\Character2.h
		vox\include\Character3.h = vox\include\Character3.h
		vox\include\Character4.h = vox\include\Character4.h
		vox\include\CharacterComponent.h = vox\include\CharacterComponent.h
		vox\include\Command.h = vox\include\Command.h
		vox\include\CommandProcessor.h = vox\include\CommandProcessor.h
		vox\include\ControllableOrthographicCamera.h = vox\include\ControllableOrthographicCamera.h
		vox\include\Cube.h = vox\include\Cube.h
		vox\include\CylinderScreen.h = vox\include\CylinderScreen.h
		vox\include\DepthFrameBuffer.h = vox\include\DepthFrameBuffer.h
		vox\include\DialogAction.h = vox\include\DialogAction.h
		vox\include\DialogEvent.h = vox\include\DialogEvent.h
		vox\include\DialogHandler.h = vox\include\DialogHandler.h
		vox\include\Dimension.h = vox\include\Dimension.h
		vox\include\DirectionalLight.h = vox\include\DirectionalLight.h
		vox\include\Easing.h = vox\include\Easing.h
		vox\include\Entity.h = vox\include\Entity.h
		vox\include\FakeAnimation.h = vox\include\FakeAnimation.h
		vox\include\FileUtils.h = vox\include\FileUtils.h
		vox\include\FrameBufferChannel.h = vox\include\FrameBufferChannel.h
		vox\include\FrameBufferInterface.h = vox\include\FrameBufferInterface.h
		vox\include\FrameBufferVertex.h = vox\include\FrameBufferVertex.h
		vox\include\Game.h = vox\include\Game.h
		vox\include\GameJamCategory.h = vox\include\GameJamCategory.h
		vox\include\GameJamCharacter.h = vox\include\GameJamCharacter.h
		vox\include\GameJamContactListener.h = vox\include\GameJamContactListener.h
		vox\include\GameJamScene.h = vox\include\GameJamScene.h
		vox\include\GameJamSceneOutdoor.h = vox\include\GameJamSceneOutdoor.h
		vox\include\GLUtils.h = vox\include\GLUtils.h
		vox\include\Joint.h = vox\include\Joint.h
		vox\include\Keyboard.h = vox\include\Keyboard.h
		vox\include\Light.h = vox\include\Light.h
		vox\include\ListenAction.h = vox\include\ListenAction.h
		vox\include\Material.h = vox\include\Material.h
		vox\include\MatrixStack.h = vox\include\MatrixStack.h
		vox\include\MeshEntity.h = vox\include\MeshEntity.h
		vox\include\MeshFactory.h = vox\include\MeshFactory.h
		vox\include\MeshInterface.h = vox\include\MeshInterface.h
		vox\include\Mouse.h = vox\include\Mouse.h
		vox\include\MousePerspectiveCamera.h = vox\include\MousePerspectiveCamera.h
		vox\include\OrthographicCamera.h = vox\include\OrthographicCamera.h
		vox\include\PerspectiveCamera.h = vox\include\PerspectiveCamera.h
		vox\include\Plane.h = vox\include\Plane.h
		vox\include\Point.h = vox\include\Point.h
		vox\include\PointLight.h = vox\include\PointLight.h
		vox\include\Props.h = vox\include\Props.h
		vox\include\PuppetCharacter.h = vox\include\PuppetCharacter.h
		vox\include\PuppetController.h = vox\include\PuppetController.h
		vox\include\PuppetScene.h = vox\include\PuppetScene.h
		vox\include\PuppetTestScene.h = vox\include\PuppetTestScene.h
		vox\include\RaidTheCastleContactListener.h = vox\include\RaidTheCastleContactListener.h
		vox\include\RandomCharacter.h = vox\include\RandomCharacter.h
		vox\include\Rectangle.h = vox\include\Rectangle.h
		vox\include\RenderOptions.h = vox\include\RenderOptions.h
		vox\include\RenderSurface.h = vox\include\RenderSurface.h
		vox\include\Resource.h = vox\include\Resource.h
		vox\include\SayAction.h = vox\include\SayAction.h
		vox\include\Scene.h = vox\include\Scene.h
		vox\include\Scene2D.h = vox\include\Scene2D.h
		vox\include\SceneRoot.h = vox\include\SceneRoot.h
		vox\include\SkeletonData.h = vox\include\SkeletonData.h
		vox\include\Sound.h = vox\include\Sound.h
		vox\include\SoundManager.h = vox\include\SoundManager.h
		vox\include\Sprite.h = vox\include\Sprite.h
		vox\include\SpriteMesh.h = vox\include\SpriteMesh.h
		vox\include\SpriteSheet.h = vox\include\SpriteSheet.h
		vox\include\SpriteSheetAnimation.h = vox\include\SpriteSheetAnimation.h
		vox\include\StandardFrameBuffer.h = vox\include\StandardFrameBuffer.h
		vox\include\Step.h = vox\include\Step.h
		vox\include\StringUtils.h = vox\include\StringUtils.h
		vox\include\Structure.h = vox\include\Structure.h
		vox\include\System.h = vox\include\System.h
		vox\include\TestCharacter.h = vox\include\TestCharacter.h
		vox\include\TestGame.h = vox\include\TestGame.h
		vox\include\TestScene2D.h = vox\include\TestScene2D.h
		vox\include\TextChunk.h = vox\include\TextChunk.h
		vox\include\Texture.h = vox\include\Texture.h
		vox\include\Transform.h = vox\include\Transform.h
		vox\include\Tween.h = vox\include\Tween.h
		vox\include\Vertex.h = vox\include\Vertex.h
		vox\include\Vox.h = vox\include\Vox.h
		vox\include\Voxel.h = vox\include\Voxel.h
		vox\include\VoxelJoint.h = vox\include\VoxelJoint.h
		vox\include\VoxelMesh.h = vox\include\VoxelMesh.h
		vox\include\VoxMatrices.h = vox\include\VoxMatrices.h
		vox\include\VoxRenderOptions.h = vox\include\VoxRenderOptions.h
	EndProjectSection
EndProject
Project("{2150E333-8FDC-42A3-9474-1A3956D46DE8}") = "Source", "Source", "{D301E6F7-B31B-45D9-9194-87C287376DD8}"
	ProjectSection(SolutionItems) = preProject
		vox\src\Accelerometer.cpp = vox\src\Accelerometer.cpp
		vox\src\AccelerometerParser.cpp = vox\src\AccelerometerParser.cpp
		vox\src\Arduino.cpp = vox\src\Arduino.cpp
		vox\src\BaseScene.cpp = vox\src\BaseScene.cpp
		vox\src\BitmapFont.cpp = vox\src\BitmapFont.cpp
		vox\src\Box2DDebugDraw.cpp = vox\src\Box2DDebugDraw.cpp
		vox\src\Box2DJoint.cpp = vox\src\Box2DJoint.cpp
		vox\src\Box2DMeshEntity.cpp = vox\src\Box2DMeshEntity.cpp
		vox\src\Box2DSprite.cpp = vox\src\Box2DSprite.cpp
		vox\src\Box2DWorld.cpp = vox\src\Box2DWorld.cpp
		vox\src\Camera.cpp = vox\src\Camera.cpp
		vox\src\Catapult.cpp = vox\src\Catapult.cpp
		vox\src\Character.cpp = vox\src\Character.cpp
		vox\src\Character1.cpp = vox\src\Character1.cpp
		vox\src\Character2.cpp = vox\src\Character2.cpp
		vox\src\Character3.cpp = vox\src\Character3.cpp
		vox\src\Character4.cpp = vox\src\Character4.cpp
		vox\src\CharacterComponent.cpp = vox\src\CharacterComponent.cpp
		vox\src\Command.cpp = vox\src\Command.cpp
		vox\src\CommandProcessor.cpp = vox\src\CommandProcessor.cpp
		vox\src\ControllableOrthographicCamera.cpp = vox\src\ControllableOrthographicCamera.cpp
		vox\src\Cube.cpp = vox\src\Cube.cpp
		vox\src\CylinderScreen.cpp = vox\src\CylinderScreen.cpp
		vox\src\DepthFrameBuffer.cpp = vox\src\DepthFrameBuffer.cpp
		vox\src\DialogAction.cpp = vox\src\DialogAction.cpp
		vox\src\DialogEvent.cpp = vox\src\DialogEvent.cpp
		vox\src\DialogHandler.cpp = vox\src\DialogHandler.cpp
		vox\src\DirectionalLight.cpp = vox\src\DirectionalLight.cpp
		vox\src\Entity.cpp = vox\src\Entity.cpp
		vox\src\FakeAnimation.cpp = vox\src\FakeAnimation.cpp
		vox\src\FileUtils.cpp = vox\src\FileUtils.cpp
		vox\src\FrameBufferChannel.cpp = vox\src\FrameBufferChannel.cpp
		vox\src\FrameBufferInterface.cpp = vox\src\FrameBufferInterface.cpp
		vox\src\Game.cpp = vox\src\Game.cpp
		vox\src\GameJamCharacter.cpp = vox\src\GameJamCharacter.cpp
		vox\src\GameJamContactListener.cpp = vox\src\GameJamContactListener.cpp
		vox\src\GameJamScene.cpp = vox\src\GameJamScene.cpp
		vox\src\GameJamSceneIndoor.cpp = vox\src\GameJamSceneIndoor.cpp
		vox\src\GameJamSceneIndoor.h = vox\src\GameJamSceneIndoor.h
		vox\src\GameJamSceneOutdoor.cpp = vox\src\GameJamSceneOutdoor.cpp
		vox\src\GLUtils.cpp = vox\src\GLUtils.cpp
		vox\src\Joint.cpp = vox\src\Joint.cpp
		vox\src\jsoncpp.cpp = vox\src\jsoncpp.cpp
		vox\src\Keyboard.cpp = vox\src\Keyboard.cpp
		vox\src\Light.cpp = vox\src\Light.cpp
		vox\src\ListenAction.cpp = vox\src\ListenAction.cpp
		vox\src\Main.cpp = vox\src\Main.cpp
		vox\src\Material.cpp = vox\src\Material.cpp
		vox\src\MatrixStack.cpp = vox\src\MatrixStack.cpp
		vox\src\MeshEntity.cpp = vox\src\MeshEntity.cpp
		vox\src\MeshFactory.cpp = vox\src\MeshFactory.cpp
		vox\src\MeshInterface.cpp = vox\src\MeshInterface.cpp
		vox\src\Mouse.cpp = vox\src\Mouse.cpp
		vox\src\MousePerspectiveCamera.cpp = vox\src\MousePerspectiveCamera.cpp
		vox\src\OrthographicCamera.cpp = vox\src\OrthographicCamera.cpp
		vox\src\PerspectiveCamera.cpp = vox\src\PerspectiveCamera.cpp
		vox\src\Plane.cpp = vox\src\Plane.cpp
		vox\src\Point.cpp = vox\src\Point.cpp
		vox\src\PointLight.cpp = vox\src\PointLight.cpp
		vox\src\PuppetCharacter.cpp = vox\src\PuppetCharacter.cpp
		vox\src\PuppetController.cpp = vox\src\PuppetController.cpp
		vox\src\PuppetScene.cpp = vox\src\PuppetScene.cpp
		vox\src\PuppetTestScene.cpp = vox\src\PuppetTestScene.cpp
		vox\src\RaidTheCastleContactListener.cpp = vox\src\RaidTheCastleContactListener.cpp
		vox\src\RandomCharacter.cpp = vox\src\RandomCharacter.cpp
		vox\src\Rectangle.cpp = vox\src\Rectangle.cpp
		vox\src\RenderOptions.cpp = vox\src\RenderOptions.cpp
		vox\src\RenderSurface.cpp = vox\src\RenderSurface.cpp
		vox\src\Resource.cpp = vox\src\Resource.cpp
		vox\src\SayAction.cpp = vox\src\SayAction.cpp
		vox\src\Scene.cpp = vox\src\Scene.cpp
		vox\src\Scene2D.cpp = vox\src\Scene2D.cpp
		vox\src\SceneRoot.cpp = vox\src\SceneRoot.cpp
		vox\src\SkeletonData.cpp = vox\src\SkeletonData.cpp
		vox\src\Sound.cpp = vox\src\Sound.cpp
		vox\src\SoundManager.cpp = vox\src\SoundManager.cpp
		vox\src\Sprite.cpp = vox\src\Sprite.cpp
		vox\src\SpriteMesh.cpp = vox\src\SpriteMesh.cpp
		vox\src\SpriteSheet.cpp = vox\src\SpriteSheet.cpp
		vox\src\SpriteSheetAnimation.cpp = vox\src\SpriteSheetAnimation.cpp
		vox\src\StandardFrameBuffer.cpp = vox\src\StandardFrameBuffer.cpp
		vox\src\Step.cpp = vox\src\Step.cpp
		vox\src\StringUtils.cpp = vox\src\StringUtils.cpp
		vox\src\Structure.cpp = vox\src\Structure.cpp
		vox\src\System.cpp = vox\src\System.cpp
		vox\src\TestCharacter.cpp = vox\src\TestCharacter.cpp
		vox\src\TestGame.cpp = vox\src\TestGame.cpp
		vox\src\TestScene2D.cpp = vox\src\TestScene2D.cpp
		vox\src\TextChunk.cpp = vox\src\TextChunk.cpp
		vox\src\Texture.cpp = vox\src\Texture.cpp
		vox\src\Transform.cpp = vox\src\Transform.cpp
		vox\src\Vox.cpp = vox\src\Vox.cpp
		vox\src\Voxel.cpp = vox\src\Voxel.cpp
		vox\src\VoxelJoint.cpp = vox\src\VoxelJoint.cpp
		vox\src\VoxelMesh.cpp = vox\src\VoxelMesh.cpp
		vox\src\VoxMatrices.cpp = vox\src\VoxMatrices.cpp
		vox\src\VoxRenderOptions.cpp = vox\src\VoxRenderOptions.cpp
	EndProjectSection
EndProject
Project("{2150E333-8FDC-42A3-9474-1A3956D46DE8}") = "Node", "Node", "{4BC9923C-EE43-4C28-B829-B1F66B3AC915}"
	ProjectSection(SolutionItems) = preProject
		vox\src\node\Node.cpp = vox\src\node\Node.cpp
		vox\src\node\NodeAnimatable.cpp = vox\src\node\NodeAnimatable.cpp
		vox\src\node\NodeBox2DBody.cpp = vox\src\node\NodeBox2DBody.cpp
		vox\src\node\NodeChild.cpp = vox\src\node\NodeChild.cpp
		vox\src\node\NodeHierarchical.cpp = vox\src\node\NodeHierarchical.cpp
		vox\src\node\NodeLoadable.cpp = vox\src\node\NodeLoadable.cpp
		vox\src\node\NodeParent.cpp = vox\src\node\NodeParent.cpp
		vox\src\node\NodeRenderable.cpp = vox\src\node\NodeRenderable.cpp
		vox\src\node\NodeResource.cpp = vox\src\node\NodeResource.cpp
		vox\src\node\NodeSelectable.cpp = vox\src\node\NodeSelectable.cpp
		vox\src\node\NodeUpdatable.cpp = vox\src\node\NodeUpdatable.cpp
		vox\src\node\ShiftKiddie.cpp = vox\src\node\ShiftKiddie.cpp
	EndProjectSection
EndProject
Project("{2150E333-8FDC-42A3-9474-1A3956D46DE8}") = "Shader", "Shader", "{C5F91370-EB97-439B-A16B-43BCF666AB4A}"
	ProjectSection(SolutionItems) = preProject
		vox\src\shader\BaseComponentShader.cpp = vox\src\shader\BaseComponentShader.cpp
		vox\src\shader\BlinnShaderComponent.cpp = vox\src\shader\BlinnShaderComponent.cpp
		vox\src\shader\BlurShader.cpp = vox\src\shader\BlurShader.cpp
		vox\src\shader\DepthMapShader.cpp = vox\src\shader\DepthMapShader.cpp
		vox\src\shader\DiffuseShaderComponent.cpp = vox\src\shader\DiffuseShaderComponent.cpp
		vox\src\shader\GeometryComponent.cpp = vox\src\shader\GeometryComponent.cpp
		vox\src\shader\PhongShaderComponent.cpp = vox\src\shader\PhongShaderComponent.cpp
		vox\src\shader\Shader.cpp = vox\src\shader\Shader.cpp
		vox\src\shader\ShaderComponent.cpp = vox\src\shader\ShaderComponent.cpp
		vox\src\shader\ShaderLoader.cpp = vox\src\shader\ShaderLoader.cpp
		vox\src\shader\ShadowShaderComponent.cpp = vox\src\shader\ShadowShaderComponent.cpp
		vox\src\shader\SharedComponentShaderMethods.cpp = vox\src\shader\SharedComponentShaderMethods.cpp
		vox\src\shader\TextureShaderComponent.cpp = vox\src\shader\TextureShaderComponent.cpp
		vox\src\shader\VoxelComponent.cpp = vox\src\shader\VoxelComponent.cpp
	EndProjectSection
EndProject
Project("{2150E333-8FDC-42A3-9474-1A3956D46DE8}") = "Json", "Json", "{DB2F96B9-C2A5-48DC-9E90-83419FD67C0F}"
	ProjectSection(SolutionItems) = preProject
		vox\include\json\json-forwards.h = vox\include\json\json-forwards.h
		vox\include\json\json.h = vox\include\json\json.h
	EndProjectSection
EndProject
Project("{2150E333-8FDC-42A3-9474-1A3956D46DE8}") = "Node", "Node", "{61B28A55-9BDF-4893-ABC4-E48C86F6B3B5}"
	ProjectSection(SolutionItems) = preProject
		vox\include\node\Node.h = vox\include\node\Node.h
		vox\include\node\NodeAnimatable.h = vox\include\node\NodeAnimatable.h
		vox\include\node\NodeBox2DBody.h = vox\include\node\NodeBox2DBody.h
		vox\include\node\NodeChild.h = vox\include\node\NodeChild.h
		vox\include\node\NodeHierarchical.h = vox\include\node\NodeHierarchical.h
		vox\include\node\NodeLoadable.h = vox\include\node\NodeLoadable.h
		vox\include\node\NodeParent.h = vox\include\node\NodeParent.h
		vox\include\node\NodeRenderable.h = vox\include\node\NodeRenderable.h
		vox\include\node\NodeResource.h = vox\include\node\NodeResource.h
		vox\include\node\NodeSelectable.h = vox\include\node\NodeSelectable.h
		vox\include\node\NodeTransformable.h = vox\include\node\NodeTransformable.h
		vox\include\node\NodeUpdatable.h = vox\include\node\NodeUpdatable.h
		vox\include\node\ShiftKiddie.h = vox\include\node\ShiftKiddie.h
	EndProjectSection
EndProject
Project("{2150E333-8FDC-42A3-9474-1A3956D46DE8}") = "Shader", "Shader", "{3317FB04-EB3A-4BA2-A7E1-794157100FB7}"
	ProjectSection(SolutionItems) = preProject
		vox\include\shader\BaseComponentShader.h = vox\include\shader\BaseComponentShader.h
		vox\include\shader\BlinnShaderComponent.h = vox\include\shader\BlinnShaderComponent.h
		vox\include\shader\BlurShader.h = vox\include\shader\BlurShader.h
		vox\include\shader\DepthMapShader.h = vox\include\shader\DepthMapShader.h
		vox\include\shader\DiffuseShaderComponent.h = vox\include\shader\DiffuseShaderComponent.h
		vox\include\shader\GeometryComponent.h = vox\include\shader\GeometryComponent.h
		vox\include\shader\PhongShaderComponent.h = vox\include\shader\PhongShaderComponent.h
		vox\include\shader\Shader.h = vox\include\shader\Shader.h
		vox\include\shader\ShaderComponent.h = vox\include\shader\ShaderComponent.h
		vox\include\shader\ShaderLoader.h = vox\include\shader\ShaderLoader.h
		vox\include\shader\ShaderVariables.h = vox\include\shader\ShaderVariables.h
		vox\include\shader\ShadowShaderComponent.h = vox\include\shader\ShadowShaderComponent.h
		vox\include\shader\SharedComponentShaderMethods.h = vox\include\shader\SharedComponentShaderMethods.h
		vox\include\shader\TextureShaderComponent.h = vox\include\shader\TextureShaderComponent.h
		vox\include\shader\VoxelComponent.h = vox\include\shader\VoxelComponent.h
	EndProjectSection
EndProject
Global
	GlobalSection(SolutionConfigurationPlatforms) = preSolution
		Debug|Win32 = Debug|Win32
		LibDebug|Win32 = LibDebug|Win32
		LibRelease|Win32 = LibRelease|Win32
		Release|Win32 = Release|Win32
	EndGlobalSection
	GlobalSection(ProjectConfigurationPlatforms) = postSolution
		{B6AFC105-EAF0-41B3-BD41-75D4570CD35A}.Debug|Win32.ActiveCfg = Debug|Win32
		{B6AFC105-EAF0-41B3-BD41-75D4570CD35A}.Debug|Win32.Build.0 = Debug|Win32
		{B6AFC105-EAF0-41B3-BD41-75D4570CD35A}.LibDebug|Win32.ActiveCfg = LibDebug|Win32
		{B6AFC105-EAF0-41B3-BD41-75D4570CD35A}.LibDebug|Win32.Build.0 = LibDebug|Win32
		{B6AFC105-EAF0-41B3-BD41-75D4570CD35A}.LibRelease|Win32.ActiveCfg = LibRelease|Win32
		{B6AFC105-EAF0-41B3-BD41-75D4570CD35A}.LibRelease|Win32.Build.0 = LibRelease|Win32
		{B6AFC105-EAF0-41B3-BD41-75D4570CD35A}.Release|Win32.ActiveCfg = Release|Win32
		{B6AFC105-EAF0-41B3-BD41-75D4570CD35A}.Release|Win32.Build.0 = Release|Win32
		{E178CAF8-5E96-478C-812C-DCBA942FC878}.Debug|Win32.ActiveCfg = Debug|Win32
		{E178CAF8-5E96-478C-812C-DCBA942FC878}.Debug|Win32.Build.0 = Debug|Win32
		{E178CAF8-5E96-478C-812C-DCBA942FC878}.LibDebug|Win32.ActiveCfg = LibDebug|Win32
		{E178CAF8-5E96-478C-812C-DCBA942FC878}.LibDebug|Win32.Build.0 = LibDebug|Win32
		{E178CAF8-5E96-478C-812C-DCBA942FC878}.LibRelease|Win32.ActiveCfg = LibRelease|Win32
		{E178CAF8-5E96-478C-812C-DCBA942FC878}.LibRelease|Win32.Build.0 = LibRelease|Win32
		{E178CAF8-5E96-478C-812C-DCBA942FC878}.Release|Win32.ActiveCfg = Release|Win32
		{E178CAF8-5E96-478C-812C-DCBA942FC878}.Release|Win32.Build.0 = Release|Win32
	EndGlobalSection
	GlobalSection(SolutionProperties) = preSolution
		HideSolutionNode = FALSE
	EndGlobalSection
	GlobalSection(NestedProjects) = preSolution
		{B6AFC105-EAF0-41B3-BD41-75D4570CD35A} = {A445FC11-3045-4268-B44D-959EDDFB3B94}
		{E178CAF8-5E96-478C-812C-DCBA942FC878} = {A445FC11-3045-4268-B44D-959EDDFB3B94}
		{DC575FAA-5E2A-4DD9-8A26-D640BDD8BF7D} = {A445FC11-3045-4268-B44D-959EDDFB3B94}
		{D301E6F7-B31B-45D9-9194-87C287376DD8} = {A445FC11-3045-4268-B44D-959EDDFB3B94}
		{4BC9923C-EE43-4C28-B829-B1F66B3AC915} = {D301E6F7-B31B-45D9-9194-87C287376DD8}
		{C5F91370-EB97-439B-A16B-43BCF666AB4A} = {D301E6F7-B31B-45D9-9194-87C287376DD8}
		{DB2F96B9-C2A5-48DC-9E90-83419FD67C0F} = {DC575FAA-5E2A-4DD9-8A26-D640BDD8BF7D}
		{61B28A55-9BDF-4893-ABC4-E48C86F6B3B5} = {DC575FAA-5E2A-4DD9-8A26-D640BDD8BF7D}
		{3317FB04-EB3A-4BA2-A7E1-794157100FB7} = {DC575FAA-5E2A-4DD9-8A26-D640BDD8BF7D}
	EndGlobalSection
EndGlobal
